{
  "lockfile-version": 1,
  "manifest": {
    "schema-version": "1.11.0",
    "install": {
      "buf": {
        "pkg-path": "buf",
        "version": "1.71.0"
      },
      "cargo": {
        "pkg-path": "cargo",
        "pkg-group": "rust",
        "version": "1.97.1",
        "systems": [
          "x86_64-linux",
          "aarch64-linux",
          "aarch64-darwin"
        ]
      },
      "cargo-audit": {
        "pkg-path": "cargo-audit",
        "pkg-group": "audit",
        "version": "0.22.2",
        "systems": [
          "x86_64-linux",
          "aarch64-linux",
          "aarch64-darwin"
        ]
      },
      "clippy": {
        "pkg-path": "clippy",
        "pkg-group": "rust",
        "version": "1.97.1",
        "systems": [
          "x86_64-linux",
          "aarch64-linux",
          "aarch64-darwin"
        ]
      },
      "gcc-unwrapped": {
        "pkg-path": "gcc-unwrapped",
        "outputs": [
          "lib"
        ]
      },
      "gitleaks": {
        "pkg-path": "gitleaks",
        "pkg-group": "audit",
        "version": "8.30.1",
        "systems": [
          "x86_64-linux",
          "aarch64-linux",
          "aarch64-darwin"
        ]
      },
      "go": {
        "pkg-path": "go",
        "version": "1.26.4"
      },
      "libffi": {
        "pkg-path": "libffi"
      },
      "nodejs": {
        "pkg-path": "nodejs",
        "pkg-group": "node",
        "version": "24.19.0",
        "systems": [
          "x86_64-linux",
          "aarch64-linux",
          "aarch64-darwin"
        ]
      },
      "python314": {
        "pkg-path": "python314",
        "version": "python3-3.14.4"
      },
      "rustc": {
        "pkg-path": "rustc",
        "pkg-group": "rust",
        "version": "1.97.1",
        "systems": [
          "x86_64-linux",
          "aarch64-linux",
          "aarch64-darwin"
        ]
      },
      "rustfmt": {
        "pkg-path": "rustfmt",
        "pkg-group": "rust",
        "version": "1.97.1",
        "systems": [
          "x86_64-linux",
          "aarch64-linux",
          "aarch64-darwin"
        ]
      },
      "uv": {
        "pkg-path": "uv",
        "version": "0.11.25"
      }
    },
    "vars": {
      "GOTOOLCHAIN": "go1.26.5+auto",
      "UV_PYTHON_DOWNLOADS": "never"
    },
    "hook": {
      "on-activate": "  export UV_PYTHON=\"$(command -v python3.14)\"\n"
    },
    "options": {}
  },
  "packages": [
    {
      "attr_path": "buf",
      "broken": false,
      "derivation": "/nix/store/fa39cn51c0hl6qx49w746xmrs879qjjs-buf-1.71.0.drv",
      "description": "Create consistent Protobuf APIs that preserve compatibility and comply with design best-practices",
      "install_id": "buf",
      "license": "Apache-2.0",
      "locked_url": "https://github.com/flox/nixpkgs?rev=d407951447dcd00442e97087bf374aad70c04cea",
      "name": "buf-1.71.0",
      "pname": "buf",
      "rev": "d407951447dcd00442e97087bf374aad70c04cea",
      "rev_count": 1027867,
      "rev_date": "2026-07-05T04:06:12Z",
      "scrape_date": "2026-07-06T03:12:54.943500Z",
      "stabilities": [
        "staging",
        "unstable"
      ],
      "unfree": false,
      "version": "1.71.0",
      "outputs_to_install": [
        "out"
      ],
      "outputs": {
        "out": "/nix/store/ky7qnn9sb2sqyq7b4j4wr7059njqlm6z-buf-1.71.0"
      },
      "system": "aarch64-darwin",
      "group": "toplevel",
      "priority": 5
    },
    {
      "attr_path": "buf",
      "broken": false,
      "derivation": "/nix/store/awlzrq2w2fr4ldwnw0yxsmzazdbj33d9-buf-1.71.0.drv",
      "description": "Create consistent Protobuf APIs that preserve compatibility and comply with design best-practices",
      "install_id": "buf",
      "license": "Apache-2.0",
      "locked_url": "https://github.com/flox/nixpkgs?rev=d407951447dcd00442e97087bf374aad70c04cea",
      "name": "buf-1.71.0",
      "pname": "buf",
      "rev": "d407951447dcd00442e97087bf374aad70c04cea",
      "rev_count": 1027867,
      "rev_date": "2026-07-05T04:06:12Z",
      "scrape_date": "2026-07-06T03:41:21.505988Z",
      "stabilities": [
        "staging",
        "unstable"
      ],
      "unfree": false,
      "version": "1.71.0",
      "outputs_to_install": [
        "out"
      ],
      "outputs": {
        "out": "/nix/store/271wrlc88gsqm1bgm0frvad5ass1in93-buf-1.71.0"
      },
      "system": "aarch64-linux",
      "group": "toplevel",
      "priority": 5
    },
    {
      "attr_path": "buf",
      "broken": false,
      "derivation": "/nix/store/rn4p61bb1b3phmcd93z43xaapblhph8n-buf-1.71.0.drv",
      "description": "Create consistent Protobuf APIs that preserve compatibility and comply with design best-practices",
      "install_id": "buf",
      "license": "Apache-2.0",
      "locked_url": "https://github.com/flox/nixpkgs?rev=d407951447dcd00442e97087bf374aad70c04cea",
      "name": "buf-1.71.0",
      "pname": "buf",
      "rev": "d407951447dcd00442e97087bf374aad70c04cea",
      "rev_count": 1027867,
      "rev_date": "2026-07-05T04:06:12Z",
      "scrape_date": "2026-07-06T04:09:00.257573Z",
      "stabilities": [
        "staging",
        "unstable"
      ],
      "unfree": false,
      "version": "1.71.0",
      "outputs_to_install": [
        "out"
      ],
      "outputs": {
        "out": "/nix/store/6iipkkpyxq356qc5gx4zwhswdqxa6yw1-buf-1.71.0"
      },
      "system": "x86_64-darwin",
      "group": "toplevel",
      "priority": 5
    },
    {
      "attr_path": "buf",
      "broken": false,
      "derivation": "/nix/store/68rb3l3ligb59dghmlmxmmws24mw12sv-buf-1.71.0.drv",
      "description": "Create consistent Protobuf APIs that preserve compatibility and comply with design best-practices",
      "install_id": "buf",
      "license": "Apache-2.0",
      "locked_url": "https://github.com/flox/nixpkgs?rev=d407951447dcd00442e97087bf374aad70c04cea",
      "name": "buf-1.71.0",
      "pname": "buf",
      "rev": "d407951447dcd00442e97087bf374aad70c04cea",
      "rev_count": 1027867,
      "rev_date": "2026-07-05T04:06:12Z",
      "scrape_date": "2026-07-06T04:40:24.129426Z",
      "stabilities": [
        "staging",
        "unstable"
      ],
      "unfree": false,
      "version": "1.71.0",
      "outputs_to_install": [
        "out"
      ],
      "outputs": {
        "out": "/nix/store/21lh9zagq5sllazmlzi2yhfw78scjs8x-buf-1.71.0"
      },
      "system": "x86_64-linux",
      "group": "toplevel",
      "priority": 5
    },
    {
      "attr_path": "gcc-unwrapped",
      "broken": false,
      "derivation": "/nix/store/7wvwizrsa4s00dc09fzspzm0dna7acn9-gcc-15.2.0.drv",
      "description": "GNU Compiler Collection, version 15.2.0",
      "install_id": "gcc-unwrapped",
      "license": "GPL-3.0-or-later",
      "locked_url": "https://github.com/flox/nixpkgs?rev=d407951447dcd00442e97087bf374aad70c04cea",
      "name": "gcc-15.2.0",
      "pname": "gcc-unwrapped",
      "rev": "d407951447dcd00442e97087bf374aad70c04cea",
      "rev_count": 1027867,
      "rev_date": "2026-07-05T04:06:12Z",
      "scrape_date": "2026-07-06T03:12:56.002674Z",
      "stabilities": [
        "staging",
        "unstable"
      ],
      "unfree": false,
      "version": "15.2.0",
      "outputs_to_install": [
        "man",
        "out"
      ],
      "outputs": {
        "info": "/nix/store/fqgshfwgh4snmvzjhvb94v1lsi3c22yc-gcc-15.2.0-info",
        "lib": "/nix/store/09p12qaclyg91179ip7qr8k3jhrbx8j9-gcc-15.2.0-lib",
        "man": "/nix/store/p0250migqx9qm11nlqidrvsghm19gawl-gcc-15.2.0-man",
        "out": "/nix/store/x1wggrv9jcfpa6p86vgc3qlrc5kxw1c3-gcc-15.2.0"
      },
      "system": "aarch64-darwin",
      "group": "toplevel",
      "priority": 5
    },
    {
      "attr_path": "gcc-unwrapped",
      "broken": false,
      "derivation": "/nix/store/bmcdjrmrqkrwfv16d039mnn9974fhch1-gcc-15.2.0.drv",
      "description": "GNU Compiler Collection, version 15.2.0",
      "install_id": "gcc-unwrapped",
      "license": "GPL-3.0-or-later",
      "locked_url": "https://github.com/flox/nixpkgs?rev=d407951447dcd00442e97087bf374aad70c04cea",
      "name": "gcc-15.2.0",
      "pname": "gcc-unwrapped",
      "rev": "d407951447dcd00442e97087bf374aad70c04cea",
      "rev_count": 1027867,
      "rev_date": "2026-07-05T04:06:12Z",
      "scrape_date": "2026-07-06T03:41:23.023389Z",
      "stabilities": [
        "staging",
        "unstable"
      ],
      "unfree": false,
      "version": "15.2.0",
      "outputs_to_install": [
        "man",
        "out",
        "out"
      ],
      "outputs": {
        "checksum": "/nix/store/6igpfz2rx7xxsr5kvxwlc57d5iafaabz-gcc-15.2.0-checksum",
        "info": "/nix/store/khkipdd1fmlcbxnza01582fh7j2mfnf3-gcc-15.2.0-info",
        "lib": "/nix/store/m3v5jbl1y7hxb1yimlyp0067acslkxf2-gcc-15.2.0-lib",
        "libgcc": "/nix/store/5scis26lfzmcsbgbs3b1i4wraxg28pbp-gcc-15.2.0-libgcc",
        "man": "/nix/store/bny95l0diywfwvg1lnwhm1m9fsxdm5pl-gcc-15.2.0-man",
        "out": "/nix/store/8hwmjrgdixn4612zrlabmych64ix89mx-gcc-15.2.0"
      },
      "system": "aarch64-linux",
      "group": "toplevel",
      "priority": 5
    },
    {
      "attr_path": "gcc-unwrapped",
      "broken": false,
      "derivation": "/nix/store/mlwhfwqf2nccqbav2nh6xmzjv7dh4sqi-gcc-15.2.0.drv",
      "description": "GNU Compiler Collection, version 15.2.0",
      "install_id": "gcc-unwrapped",
      "license": "GPL-3.0-or-later",
      "locked_url": "https://github.com/flox/nixpkgs?rev=d407951447dcd00442e97087bf374aad70c04cea",
      "name": "gcc-15.2.0",
      "pname": "gcc-unwrapped",
      "rev": "d407951447dcd00442e97087bf374aad70c04cea",
      "rev_count": 1027867,
      "rev_date": "2026-07-05T04:06:12Z",
      "scrape_date": "2026-07-06T04:09:01.502606Z",
      "stabilities": [
        "staging",
        "unstable"
      ],
      "unfree": false,
      "version": "15.2.0",
      "outputs_to_install": [
        "man",
        "out"
      ],
      "outputs": {
        "info": "/nix/store/z638rdi67s5cr9lwwnjjn60rckhdrq3x-gcc-15.2.0-info",
        "lib": "/nix/store/vgdqp213pwqjcdz0iya3qv2sh051a92j-gcc-15.2.0-lib",
        "man": "/nix/store/f9v0msz6xk4wz0qk3f3y9glmq9rzvrhr-gcc-15.2.0-man",
        "out": "/nix/store/drlwi70dwk7ji20zv140n6sl098lprx6-gcc-15.2.0"
      },
      "system": "x86_64-darwin",
      "group": "toplevel",
      "priority": 5
    },
    {
      "attr_path": "gcc-unwrapped",
      "broken": false,
      "derivation": "/nix/store/qlb1647jp7grq5fgp66fhk5qr9rzr1j6-gcc-15.2.0.drv",
      "description": "GNU Compiler Collection, version 15.2.0",
      "install_id": "gcc-unwrapped",
      "license": "GPL-3.0-or-later",
      "locked_url": "https://github.com/flox/nixpkgs?rev=d407951447dcd00442e97087bf374aad70c04cea",
      "name": "gcc-15.2.0",
      "pname": "gcc-unwrapped",
      "rev": "d407951447dcd00442e97087bf374aad70c04cea",
      "rev_count": 1027867,
      "rev_date": "2026-07-05T04:06:12Z",
      "scrape_date": "2026-07-06T04:40:25.791144Z",
      "stabilities": [
        "staging",
        "unstable"
      ],
      "unfree": false,
      "version": "15.2.0",
      "outputs_to_install": [
        "man",
        "man",
        "man",
        "out",
        "out",
        "out",
        "out"
      ],
      "outputs": {
        "checksum": "/nix/store/scnas3kx869pfc8mz3fjqmfvl9m9sn6a-gcc-15.2.0-checksum",
        "info": "/nix/store/2hbjnbfhaq4gq6p55xi9qvj6lx7x4g04-gcc-15.2.0-info",
        "lib": "/nix/store/hngmi01i8wgi25a0byrxcn4ysz5j79mw-gcc-15.2.0-lib",
        "libgcc": "/nix/store/7nww4d4yl7jzf66qllvyn61xb21vp7ry-gcc-15.2.0-libgcc",
        "man": "/nix/store/5r95b3z75rc980dws0wp5ylawgzfkj6l-gcc-15.2.0-man",
        "out": "/nix/store/sq0nrnfwhkc5ljvklnrk5ps4358g4nbj-gcc-15.2.0"
      },
      "system": "x86_64-linux",
      "group": "toplevel",
      "priority": 5
    },
    {
      "attr_path": "go",
      "broken": false,
      "derivation": "/nix/store/0j94l4ngkz3fppqd0wxqsvjwri4fny1y-go-1.26.4.drv",
      "description": "Go Programming language",
      "install_id": "go",
      "license": "BSD-3-Clause",
      "locked_url": "https://github.com/flox/nixpkgs?rev=d407951447dcd00442e97087bf374aad70c04cea",
      "name": "go-1.26.4",
      "pname": "go",
      "rev": "d407951447dcd00442e97087bf374aad70c04cea",
      "rev_count": 1027867,
      "rev_date": "2026-07-05T04:06:12Z",
      "scrape_date": "2026-07-06T03:12:56.227877Z",
      "stabilities": [
        "staging",
        "unstable"
      ],
      "unfree": false,
      "version": "1.26.4",
      "outputs_to_install": [
        "out",
        "out"
      ],
      "outputs": {
        "out": "/nix/store/kyai650rrywrzflnwda9mbk2c2j9w68r-go-1.26.4"
      },
      "system": "aarch64-darwin",
      "group": "toplevel",
      "priority": 5
    },
    {
      "attr_path": "go",
      "broken": false,
      "derivation": "/nix/store/a402qx3ryvfilga56w29z0izz6jgi7gi-go-1.26.4.drv",
      "description": "Go Programming language",
      "install_id": "go",
      "license": "BSD-3-Clause",
      "locked_url": "https://github.com/flox/nixpkgs?rev=d407951447dcd00442e97087bf374aad70c04cea",
      "name": "go-1.26.4",
      "pname": "go",
      "rev": "d407951447dcd00442e97087bf374aad70c04cea",
      "rev_count": 1027867,
      "rev_date": "2026-07-05T04:06:12Z",
      "scrape_date": "2026-07-06T03:41:23.896640Z",
      "stabilities": [
        "staging",
        "unstable"
      ],
      "unfree": false,
      "version": "1.26.4",
      "outputs_to_install": [
        "out"
      ],
      "outputs": {
        "out": "/nix/store/lgcj27hrbanbc93xm9zdrldds7b1jrw8-go-1.26.4"
      },
      "system": "aarch64-linux",
      "group": "toplevel",
      "priority": 5
    },
    {
      "attr_path": "go",
      "broken": false,
      "derivation": "/nix/store/0lvbzgq250sass3jyxxvpamk09gcnym3-go-1.26.4.drv",
      "description": "Go Programming language",
      "install_id": "go",
      "license": "BSD-3-Clause",
      "locked_url": "https://github.com/flox/nixpkgs?rev=d407951447dcd00442e97087bf374aad70c04cea",
      "name": "go-1.26.4",
      "pname": "go",
      "rev": "d407951447dcd00442e97087bf374aad70c04cea",
      "rev_count": 1027867,
      "rev_date": "2026-07-05T04:06:12Z",
      "scrape_date": "2026-07-06T04:09:01.839364Z",
      "stabilities": [
        "staging",
        "unstable"
      ],
      "unfree": false,
      "version": "1.26.4",
      "outputs_to_install": [
        "out"
      ],
      "outputs": {
        "out": "/nix/store/h0z6ghmi3cihlbm163d72xs9p9nn04a1-go-1.26.4"
      },
      "system": "x86_64-darwin",
      "group": "toplevel",
      "priority": 5
    },
    {
      "attr_path": "go",
      "broken": false,
      "derivation": "/nix/store/z0b6qhv17xys7hfpnxmk0vm31nc3pxdf-go-1.26.4.drv",
      "description": "Go Programming language",
      "install_id": "go",
      "license": "BSD-3-Clause",
      "locked_url": "https://github.com/flox/nixpkgs?rev=d407951447dcd00442e97087bf374aad70c04cea",
      "name": "go-1.26.4",
      "pname": "go",
      "rev": "d407951447dcd00442e97087bf374aad70c04cea",
      "rev_count": 1027867,
      "rev_date": "2026-07-05T04:06:12Z",
      "scrape_date": "2026-07-06T04:40:26.718134Z",
      "stabilities": [
        "staging",
        "unstable"
      ],
      "unfree": false,
      "version": "1.26.4",
      "outputs_to_install": [
        "out"
      ],
      "outputs": {
        "out": "/nix/store/gb0njhqswlc5n127ikgyikvq39r40l6f-go-1.26.4"
      },
      "system": "x86_64-linux",
      "group": "toplevel",
      "priority": 5
    },
    {
      "attr_path": "libffi",
      "broken": false,
      "derivation": "/nix/store/s27zy3mrclnjdv87hqvjfp7djyjrvh3p-libffi-40.drv",
      "description": "Foreign function call interface library",
      "install_id": "libffi",
      "license": "MIT",
      "locked_url": "https://github.com/flox/nixpkgs?rev=d407951447dcd00442e97087bf374aad70c04cea",
      "name": "libffi-40",
      "pname": "libffi",
      "rev": "d407951447dcd00442e97087bf374aad70c04cea",
      "rev_count": 1027867,
      "rev_date": "2026-07-05T04:06:12Z",
      "scrape_date": "2026-07-06T03:13:13.938420Z",
      "stabilities": [
        "staging",
        "unstable"
      ],
      "unfree": false,
      "version": "40",
      "outputs_to_install": [
        "man",
        "out",
        "out",
        "out"
      ],
      "outputs": {
        "dev": "/nix/store/sl9pq6gxcds7js7nxyg3cgcyaqwayqha-libffi-40-dev",
        "info": "/nix/store/liqmgjw13v9qj2rl85v0rm8zxrr34j1f-libffi-40-info",
        "man": "/nix/store/jf9pymihb9h7cvmxrzsh5p2rq8mmji5f-libffi-40-man",
        "out": "/nix/store/j0p5m1dwxaklws5fh65ya6q6pa841q26-libffi-40"
      },
      "system": "aarch64-darwin",
      "group": "toplevel",
      "priority": 5
    },
    {
      "attr_path": "libffi",
      "broken": false,
      "derivation": "/nix/store/w9sh6qaj3xzafs5afdnb813qik9nn91p-libffi-3.5.2.drv",
      "description": "Foreign function call interface library",
      "install_id": "libffi",
      "license": "MIT",
      "locked_url": "https://github.com/flox/nixpkgs?rev=d407951447dcd00442e97087bf374aad70c04cea",
      "name": "libffi-3.5.2",
      "pname": "libffi",
      "rev": "d407951447dcd00442e97087bf374aad70c04cea",
      "rev_count": 1027867,
      "rev_date": "2026-07-05T04:06:12Z",
      "scrape_date": "2026-07-06T03:41:47.044773Z",
      "stabilities": [
        "staging",
        "unstable"
      ],
      "unfree": false,
      "version": "3.5.2",
      "outputs_to_install": [
        "man",
        "out",
        "out",
        "out"
      ],
      "outputs": {
        "dev": "/nix/store/0pra0mxsv02r6m6w8pnkrf3nb2d65yw2-libffi-3.5.2-dev",
        "info": "/nix/store/c4imnax0640zjrnm0v6wypikngk0vj1w-libffi-3.5.2-info",
        "man": "/nix/store/lm8j1ny425knl3gx1hk5j7f98k6wyqfd-libffi-3.5.2-man",
        "out": "/nix/store/4p2z39nwnxyscggi9gphha09b93j60qz-libffi-3.5.2"
      },
      "system": "aarch64-linux",
      "group": "toplevel",
      "priority": 5
    },
    {
      "attr_path": "libffi",
      "broken": false,
      "derivation": "/nix/store/91g9a56gnvkl228pszmn82895yfnnai5-libffi-40.drv",
      "description": "Foreign function call interface library",
      "install_id": "libffi",
      "license": "MIT",
      "locked_url": "https://github.com/flox/nixpkgs?rev=d407951447dcd00442e97087bf374aad70c04cea",
      "name": "libffi-40",
      "pname": "libffi",
      "rev": "d407951447dcd00442e97087bf374aad70c04cea",
      "rev_count": 1027867,
      "rev_date": "2026-07-05T04:06:12Z",
      "scrape_date": "2026-07-06T04:09:23.919276Z",
      "stabilities": [
        "staging",
        "unstable"
      ],
      "unfree": false,
      "version": "40",
      "outputs_to_install": [
        "man",
        "out"
      ],
      "outputs": {
        "dev": "/nix/store/spwv3lngr82zkv521xbgy523bgq10y19-libffi-40-dev",
        "info": "/nix/store/w8jz4h9ijq5w36b4qckn8ilrajbd5ypz-libffi-40-info",
        "man": "/nix/store/qfc4ijcg4s02r4b1a8h97gfijs0dfzzl-libffi-40-man",
        "out": "/nix/store/5h436afjppappw53k0a0hh2dv2jrv0vm-libffi-40"
      },
      "system": "x86_64-darwin",
      "group": "toplevel",
      "priority": 5
    },
    {
      "attr_path": "libffi",
      "broken": false,
      "derivation": "/nix/store/hz1jpka22vqpf31sfxbvack5p3isr1zf-libffi-3.5.2.drv",
      "description": "Foreign function call interface library",
      "install_id": "libffi",
      "license": "MIT",
      "locked_url": "https://github.com/flox/nixpkgs?rev=d407951447dcd00442e97087bf374aad70c04cea",
      "name": "libffi-3.5.2",
      "pname": "libffi",
      "rev": "d407951447dcd00442e97087bf374aad70c04cea",
      "rev_count": 1027867,
      "rev_date": "2026-07-05T04:06:12Z",
      "scrape_date": "2026-07-06T04:40:50.638911Z",
      "stabilities": [
        "staging",
        "unstable"
      ],
      "unfree": false,
      "version": "3.5.2",
      "outputs_to_install": [
        "man",
        "out",
        "out",
        "out",
        "out"
      ],
      "outputs": {
        "dev": "/nix/store/6srg0xpp58pc1s0qnxx26ny8yqj6yvzx-libffi-3.5.2-dev",
        "info": "/nix/store/mc698g6792llgbc9245bn9mn1m4xinpn-libffi-3.5.2-info",
        "man": "/nix/store/7ndx1n32qf39avhqg70m5q2cq6b2s79s-libffi-3.5.2-man",
        "out": "/nix/store/chc8cxmnqxgnf4i0y89m292wm6290qsy-libffi-3.5.2"
      },
      "system": "x86_64-linux",
      "group": "toplevel",
      "priority": 5
    },
    {
      "attr_path": "python314",
      "broken": false,
      "derivation": "/nix/store/mkjidg18y4arcsc09p21wqx1byqmahiy-python3-3.14.4.drv",
      "description": "High-level dynamically-typed programming language",
      "install_id": "python314",
      "license": "Python-2.0",
      "locked_url": "https://github.com/flox/nixpkgs?rev=d407951447dcd00442e97087bf374aad70c04cea",
      "name": "python3-3.14.4",
      "pname": "python314",
      "rev": "d407951447dcd00442e97087bf374aad70c04cea",
      "rev_count": 1027867,
      "rev_date": "2026-07-05T04:06:12Z",
      "scrape_date": "2026-07-06T03:13:59.978799Z",
      "stabilities": [
        "staging",
        "unstable"
      ],
      "unfree": false,
      "version": "python3-3.14.4",
      "outputs_to_install": [
        "out"
      ],
      "outputs": {
        "out": "/nix/store/bz7r3a1x3xby7ilac2ngzwr0szf3yzxc-python3-3.14.4"
      },
      "system": "aarch64-darwin",
      "group": "toplevel",
      "priority": 5
    },
    {
      "attr_path": "python314",
      "broken": false,
      "derivation": "/nix/store/xpa4r0315b1v8am1czqd1wgrnnn3xm16-python3-3.14.4.drv",
      "description": "High-level dynamically-typed programming language",
      "install_id": "python314",
      "license": "Python-2.0",
      "locked_url": "https://github.com/flox/nixpkgs?rev=d407951447dcd00442e97087bf374aad70c04cea",
      "name": "python3-3.14.4",
      "pname": "python314",
      "rev": "d407951447dcd00442e97087bf374aad70c04cea",
      "rev_count": 1027867,
      "rev_date": "2026-07-05T04:06:12Z",
      "scrape_date": "2026-07-06T03:42:50.695713Z",
      "stabilities": [
        "staging",
        "unstable"
      ],
      "unfree": false,
      "version": "python3-3.14.4",
      "outputs_to_install": [
        "out"
      ],
      "outputs": {
        "debug": "/nix/store/8sggbkg072yim06lsbggkiwc84z28cj9-python3-3.14.4-debug",
        "out": "/nix/store/fj2lkfaqsccpsgwmzrv921asxzsp1iin-python3-3.14.4"
      },
      "system": "aarch64-linux",
      "group": "toplevel",
      "priority": 5
    },
    {
      "attr_path": "python314",
      "broken": false,
      "derivation": "/nix/store/421iir12a3alcgp06c2grlh37w3q47s2-python3-3.14.4.drv",
      "description": "High-level dynamically-typed programming language",
      "install_id": "python314",
      "license": "Python-2.0",
      "locked_url": "https://github.com/flox/nixpkgs?rev=d407951447dcd00442e97087bf374aad70c04cea",
      "name": "python3-3.14.4",
      "pname": "python314",
      "rev": "d407951447dcd00442e97087bf374aad70c04cea",
      "rev_count": 1027867,
      "rev_date": "2026-07-05T04:06:12Z",
      "scrape_date": "2026-07-06T04:10:21.749554Z",
      "stabilities": [
        "staging",
        "unstable"
      ],
      "unfree": false,
      "version": "python3-3.14.4",
      "outputs_to_install": [
        "out"
      ],
      "outputs": {
        "out": "/nix/store/dz3vgh7m1dsj9c3ahn1ab6wqpnz9bbww-python3-3.14.4"
      },
      "system": "x86_64-darwin",
      "group": "toplevel",
      "priority": 5
    },
    {
      "attr_path": "python314",
      "broken": false,
      "derivation": "/nix/store/xzrcv5rnq48rbxkqb1yx05va45h56295-python3-3.14.4.drv",
      "description": "High-level dynamically-typed programming language",
      "install_id": "python314",
      "license": "Python-2.0",
      "locked_url": "https://github.com/flox/nixpkgs?rev=d407951447dcd00442e97087bf374aad70c04cea",
      "name": "python3-3.14.4",
      "pname": "python314",
      "rev": "d407951447dcd00442e97087bf374aad70c04cea",
      "rev_count": 1027867,
      "rev_date": "2026-07-05T04:06:12Z",
      "scrape_date": "2026-07-06T04:41:58.254555Z",
      "stabilities": [
        "staging",
        "unstable"
      ],
      "unfree": false,
      "version": "python3-3.14.4",
      "outputs_to_install": [
        "out"
      ],
      "outputs": {
        "debug": "/nix/store/y6nmlnw8360r8lma5bjnp07vl9r4l07g-python3-3.14.4-debug",
        "out": "/nix/store/fk8c5cqd0npblqv1mcd8swhkcbng84qr-python3-3.14.4"
      },
      "system": "x86_64-linux",
      "group": "toplevel",
      "priority": 5
    },
    {
      "attr_path": "uv",
      "broken": false,
      "derivation": "/nix/store/czrpfss0v86ch66vdk3j22qndchnzw9b-uv-0.11.25.drv",
      "description": "Extremely fast Python package installer and resolver, written in Rust",
      "install_id": "uv",
      "license": "[ Apache-2.0, MIT ]",
      "locked_url": "https://github.com/flox/nixpkgs?rev=d407951447dcd00442e97087bf374aad70c04cea",
      "name": "uv-0.11.25",
      "pname": "uv",
      "rev": "d407951447dcd00442e97087bf374aad70c04cea",
      "rev_count": 1027867,
      "rev_date": "2026-07-05T04:06:12Z",
      "scrape_date": "2026-07-06T03:15:39.158658Z",
      "stabilities": [
        "staging",
        "unstable"
      ],
      "unfree": false,
      "version": "0.11.25",
      "outputs_to_install": [
        "out"
      ],
      "outputs": {
        "out": "/nix/store/f0kyi2i8xrfx7i405n5qy97kr0y5b2wv-uv-0.11.25"
      },
      "system": "aarch64-darwin",
      "group": "toplevel",
      "priority": 5
    },
    {
      "attr_path": "uv",
      "broken": false,
      "derivation": "/nix/store/c4na34nqxj1n2ivgjiprkm9p1lrahfgy-uv-0.11.25.drv",
      "description": "Extremely fast Python package installer and resolver, written in Rust",
      "install_id": "uv",
      "license": "[ Apache-2.0, MIT ]",
      "locked_url": "https://github.com/flox/nixpkgs?rev=d407951447dcd00442e97087bf374aad70c04cea",
      "name": "uv-0.11.25",
      "pname": "uv",
      "rev": "d407951447dcd00442e97087bf374aad70c04cea",
      "rev_count": 1027867,
      "rev_date": "2026-07-05T04:06:12Z",
      "scrape_date": "2026-07-06T03:44:48.957401Z",
      "stabilities": [
        "staging",
        "unstable"
      ],
      "unfree": false,
      "version": "0.11.25",
      "outputs_to_install": [
        "out"
      ],
      "outputs": {
        "out": "/nix/store/8qd81vygrwkvp8ndg3ihj9wq3pl97hfd-uv-0.11.25"
      },
      "system": "aarch64-linux",
      "group": "toplevel",
      "priority": 5
    },
    {
      "attr_path": "uv",
      "broken": false,
      "derivation": "/nix/store/dlybxmsa3zfx8wbs9ccn0kafsq59qq6i-uv-0.11.25.drv",
      "description": "Extremely fast Python package installer and resolver, written in Rust",
      "install_id": "uv",
      "license": "[ Apache-2.0, MIT ]",
      "locked_url": "https://github.com/flox/nixpkgs?rev=d407951447dcd00442e97087bf374aad70c04cea",
      "name": "uv-0.11.25",
      "pname": "uv",
      "rev": "d407951447dcd00442e97087bf374aad70c04cea",
      "rev_count": 1027867,
      "rev_date": "2026-07-05T04:06:12Z",
      "scrape_date": "2026-07-06T04:12:23.334560Z",
      "stabilities": [
        "staging",
        "unstable"
      ],
      "unfree": false,
      "version": "0.11.25",
      "outputs_to_install": [
        "out"
      ],
      "outputs": {
        "out": "/nix/store/z4dcs3l0khfc2hky62bhy6v45lmysdvz-uv-0.11.25"
      },
      "system": "x86_64-darwin",
      "group": "toplevel",
      "priority": 5
    },
    {
      "attr_path": "uv",
      "broken": false,
      "derivation": "/nix/store/7qw31y4h8f29wc0f81jhm7wirnpdh8qf-uv-0.11.25.drv",
      "description": "Extremely fast Python package installer and resolver, written in Rust",
      "install_id": "uv",
      "license": "[ Apache-2.0, MIT ]",
      "locked_url": "https://github.com/flox/nixpkgs?rev=d407951447dcd00442e97087bf374aad70c04cea",
      "name": "uv-0.11.25",
      "pname": "uv",
      "rev": "d407951447dcd00442e97087bf374aad70c04cea",
      "rev_count": 1027867,
      "rev_date": "2026-07-05T04:06:12Z",
      "scrape_date": "2026-07-06T04:44:10.521793Z",
      "stabilities": [
        "staging",
        "unstable"
      ],
      "unfree": false,
      "version": "0.11.25",
      "outputs_to_install": [
        "out"
      ],
      "outputs": {
        "out": "/nix/store/cgvijxnmydknslkl368k4j4j43akvl8b-uv-0.11.25"
      },
      "system": "x86_64-linux",
      "group": "toplevel",
      "priority": 5
    },
    {
      "attr_path": "cargo-audit",
      "broken": false,
      "derivation": "/nix/store/dybnw4rbrxm78djirw1q0p689i8pr8dv-cargo-audit-0.22.2.drv",
      "description": "Audit Cargo.lock files for crates with security vulnerabilities",
      "install_id": "cargo-audit",
      "license": "[ MIT, Apache-2.0 ]",
      "locked_url": "https://github.com/flox/nixpkgs?rev=e5bdc4a41d4c072fe1e3787eaa0320a384741d44",
      "name": "cargo-audit-0.22.2",
      "pname": "cargo-audit",
      "rev": "e5bdc4a41d4c072fe1e3787eaa0320a384741d44",
      "rev_count": 1055335,
      "rev_date": "2026-08-16T06:49:45Z",
      "scrape_date": "2026-08-17T04:55:26.153844Z",
      "stabilities": [
        "unstable"
      ],
      "unfree": false,
      "version": "0.22.2",
      "outputs_to_install": [
        "out"
      ],
      "outputs": {
        "out": "/nix/store/al20k2mjlzjc20pn096m2wl7029b58b3-cargo-audit-0.22.2"
      },
      "system": "aarch64-darwin",
      "group": "audit",
      "priority": 5
    },
    {
      "attr_path": "cargo-audit",
      "broken": false,
      "derivation": "/nix/store/mdvclc4b87ww99s7jw8sclyllii7vcf3-cargo-audit-0.22.2.drv",
      "description": "Audit Cargo.lock files for crates with security vulnerabilities",
      "install_id": "cargo-audit",
      "license": "[ MIT, Apache-2.0 ]",
      "locked_url": "https://github.com/flox/nixpkgs?rev=e5bdc4a41d4c072fe1e3787eaa0320a384741d44",
      "name": "cargo-audit-0.22.2",
      "pname": "cargo-audit",
      "rev": "e5bdc4a41d4c072fe1e3787eaa0320a384741d44",
      "rev_count": 1055335,
      "rev_date": "2026-08-16T06:49:45Z",
      "scrape_date": "2026-08-17T05:24:50.545460Z",
      "stabilities": [
        "unstable"
      ],
      "unfree": false,
      "version": "0.22.2",
      "outputs_to_install": [
        "out"
      ],
      "outputs": {
        "out": "/nix/store/rf2nidiay0bxycmc3nphh0hh8psm05h7-cargo-audit-0.22.2"
      },
      "system": "aarch64-linux",
      "group": "audit",
      "priority": 5
    },
    {
      "attr_path": "cargo-audit",
      "broken": false,
      "derivation": "/nix/store/23xwhgmhkjzj9dkspp57j35yksl3iwbh-cargo-audit-0.22.2.drv",
      "description": "Audit Cargo.lock files for crates with security vulnerabilities",
      "install_id": "cargo-audit",
      "license": "[ MIT, Apache-2.0 ]",
      "locked_url": "https://github.com/flox/nixpkgs?rev=e5bdc4a41d4c072fe1e3787eaa0320a384741d44",
      "name": "cargo-audit-0.22.2",
      "pname": "cargo-audit",
      "rev": "e5bdc4a41d4c072fe1e3787eaa0320a384741d44",
      "rev_count": 1055335,
      "rev_date": "2026-08-16T06:49:45Z",
      "scrape_date": "2026-08-17T05:57:50.644248Z",
      "stabilities": [
        "unstable"
      ],
      "unfree": false,
      "version": "0.22.2",
      "outputs_to_install": [
        "out"
      ],
      "outputs": {
        "out": "/nix/store/gsf1i8qp6m5dxbwxxbn999r150jicbpz-cargo-audit-0.22.2"
      },
      "system": "x86_64-linux",
      "group": "audit",
      "priority": 5
    },
    {
      "attr_path": "gitleaks",
      "broken": false,
      "derivation": "/nix/store/kkg3c4vwcrf3jbdicnh8z5mn91qmfm03-gitleaks-8.30.1.drv",
      "description": "Scan git repos (or files) for secrets",
      "install_id": "gitleaks",
      "license": "MIT",
      "locked_url": "https://github.com/flox/nixpkgs?rev=e5bdc4a41d4c072fe1e3787eaa0320a384741d44",
      "name": "gitleaks-8.30.1",
      "pname": "gitleaks",
      "rev": "e5bdc4a41d4c072fe1e3787eaa0320a384741d44",
      "rev_count": 1055335,
      "rev_date": "2026-08-16T06:49:45Z",
      "scrape_date": "2026-08-17T04:55:27.361234Z",
      "stabilities": [
        "unstable"
      ],
      "unfree": false,
      "version": "8.30.1",
      "outputs_to_install": [
        "out"
      ],
      "outputs": {
        "out": "/nix/store/0zilxn1s7vskm1b8jxbyic99aql7zzaq-gitleaks-8.30.1"
      },
      "system": "aarch64-darwin",
      "group": "audit",
      "priority": 5
    },
    {
      "attr_path": "gitleaks",
      "broken": false,
      "derivation": "/nix/store/ccqv46qcsca6yla7mdic4iwajsag5697-gitleaks-8.30.1.drv",
      "description": "Scan git repos (or files) for secrets",
      "install_id": "gitleaks",
      "license": "MIT",
      "locked_url": "https://github.com/flox/nixpkgs?rev=e5bdc4a41d4c072fe1e3787eaa0320a384741d44",
      "name": "gitleaks-8.30.1",
      "pname": "gitleaks",
      "rev": "e5bdc4a41d4c072fe1e3787eaa0320a384741d44",
      "rev_count": 1055335,
      "rev_date": "2026-08-16T06:49:45Z",
      "scrape_date": "2026-08-17T05:24:52.230129Z",
      "stabilities": [
        "unstable"
      ],
      "unfree": false,
      "version": "8.30.1",
      "outputs_to_install": [
        "out"
      ],
      "outputs": {
        "out": "/nix/store/7fbpgnngix9bnqgflzfybz2i8nrr8cmj-gitleaks-8.30.1"
      },
      "system": "aarch64-linux",
      "group": "audit",
      "priority": 5
    },
    {
      "attr_path": "gitleaks",
      "broken": false,
      "derivation": "/nix/store/kdfb45k3y1czqn6fc208lhwdpz3smydj-gitleaks-8.30.1.drv",
      "description": "Scan git repos (or files) for secrets",
      "install_id": "gitleaks",
      "license": "MIT",
      "locked_url": "https://github.com/flox/nixpkgs?rev=e5bdc4a41d4c072fe1e3787eaa0320a384741d44",
      "name": "gitleaks-8.30.1",
      "pname": "gitleaks",
      "rev": "e5bdc4a41d4c072fe1e3787eaa0320a384741d44",
      "rev_count": 1055335,
      "rev_date": "2026-08-16T06:49:45Z",
      "scrape_date": "2026-08-17T05:57:52.455817Z",
      "stabilities": [
        "unstable"
      ],
      "unfree": false,
      "version": "8.30.1",
      "outputs_to_install": [
        "out"
      ],
      "outputs": {
        "out": "/nix/store/dmi3zxbmff31nb0j6y24wi2055k7ahsw-gitleaks-8.30.1"
      },
      "system": "x86_64-linux",
      "group": "audit",
      "priority": 5
    },
    {
      "attr_path": "nodejs",
      "broken": false,
      "derivation": "/nix/store/qfiblm3mivfpj9ip34lp74hii5vga2cs-nodejs-24.19.0.drv",
      "description": "Event-driven I/O framework for the V8 JavaScript engine",
      "install_id": "nodejs",
      "license": "MIT",
      "locked_url": "https://github.com/flox/nixpkgs?rev=e5bdc4a41d4c072fe1e3787eaa0320a384741d44",
      "name": "nodejs-24.19.0",
      "pname": "nodejs",
      "rev": "e5bdc4a41d4c072fe1e3787eaa0320a384741d44",
      "rev_count": 1055335,
      "rev_date": "2026-08-16T06:49:45Z",
      "scrape_date": "2026-08-17T04:55:50.976752Z",
      "stabilities": [
        "unstable"
      ],
      "unfree": false,
      "version": "24.19.0",
      "outputs_to_install": [
        "out"
      ],
      "outputs": {
        "out": "/nix/store/7cvylnf8wf3r89hb983binvjb142sgkd-nodejs-24.19.0"
      },
      "system": "aarch64-darwin",
      "group": "node",
      "priority": 5
    },
    {
      "attr_path": "nodejs",
      "broken": false,
      "derivation": "/nix/store/w6c4ky2sn4v19hss0kn9snkq5wkvp2jb-nodejs-24.19.0.drv",
      "description": "Event-driven I/O framework for the V8 JavaScript engine",
      "install_id": "nodejs",
      "license": "MIT",
      "locked_url": "https://github.com/flox/nixpkgs?rev=e5bdc4a41d4c072fe1e3787eaa0320a384741d44",
      "name": "nodejs-24.19.0",
      "pname": "nodejs",
      "rev": "e5bdc4a41d4c072fe1e3787eaa0320a384741d44",
      "rev_count": 1055335,
      "rev_date": "2026-08-16T06:49:45Z",
      "scrape_date": "2026-08-17T05:25:27.918534Z",
      "stabilities": [
        "unstable"
      ],
      "unfree": false,
      "version": "24.19.0",
      "outputs_to_install": [
        "out"
      ],
      "outputs": {
        "out": "/nix/store/d76wsd4rm85sdv1xawqp404l2bm2k4l1-nodejs-24.19.0"
      },
      "system": "aarch64-linux",
      "group": "node",
      "priority": 5
    },
    {
      "attr_path": "nodejs",
      "broken": false,
      "derivation": "/nix/store/px8hj7awj6ffpcamsaf95ywrmnn8n6aq-nodejs-24.19.0.drv",
      "description": "Event-driven I/O framework for the V8 JavaScript engine",
      "install_id": "nodejs",
      "license": "MIT",
      "locked_url": "https://github.com/flox/nixpkgs?rev=e5bdc4a41d4c072fe1e3787eaa0320a384741d44",
      "name": "nodejs-24.19.0",
      "pname": "nodejs",
      "rev": "e5bdc4a41d4c072fe1e3787eaa0320a384741d44",
      "rev_count": 1055335,
      "rev_date": "2026-08-16T06:49:45Z",
      "scrape_date": "2026-08-17T05:58:30.516153Z",
      "stabilities": [
        "unstable"
      ],
      "unfree": false,
      "version": "24.19.0",
      "outputs_to_install": [
        "out"
      ],
      "outputs": {
        "out": "/nix/store/glcp73hgagq2b24i80jlgbvj28vdb6kk-nodejs-24.19.0"
      },
      "system": "x86_64-linux",
      "group": "node",
      "priority": 5
    },
    {
      "attr_path": "cargo",
      "broken": false,
      "derivation": "/nix/store/ip7hdh42iqlha9316jp4h5smn24p4jci-cargo-1.97.1.drv",
      "description": "Downloads your Rust project's dependencies and builds your project",
      "install_id": "cargo",
      "license": "[ MIT, Apache-2.0 ]",
      "locked_url": "https://github.com/flox/nixpkgs?rev=e5bdc4a41d4c072fe1e3787eaa0320a384741d44",
      "name": "cargo-1.97.1",
      "pname": "cargo",
      "rev": "e5bdc4a41d4c072fe1e3787eaa0320a384741d44",
      "rev_count": 1055335,
      "rev_date": "2026-08-16T06:49:45Z",
      "scrape_date": "2026-08-17T04:55:26.152785Z",
      "stabilities": [
        "unstable"
      ],
      "unfree": false,
      "version": "1.97.1",
      "outputs_to_install": [
        "out"
      ],
      "outputs": {
        "out": "/nix/store/xnf2hlnjmmi59r6c1nzy018759xlp5pk-cargo-1.97.1"
      },
      "system": "aarch64-darwin",
      "group": "rust",
      "priority": 5
    },
    {
      "attr_path": "cargo",
      "broken": false,
      "derivation": "/nix/store/i14n7c0jj82njw8j3h5l5qzp4gy6q0iz-cargo-1.97.1.drv",
      "description": "Downloads your Rust project's dependencies and builds your project",
      "install_id": "cargo",
      "license": "[ MIT, Apache-2.0 ]",
      "locked_url": "https://github.com/flox/nixpkgs?rev=e5bdc4a41d4c072fe1e3787eaa0320a384741d44",
      "name": "cargo-1.97.1",
      "pname": "cargo",
      "rev": "e5bdc4a41d4c072fe1e3787eaa0320a384741d44",
      "rev_count": 1055335,
      "rev_date": "2026-08-16T06:49:45Z",
      "scrape_date": "2026-08-17T05:24:50.544223Z",
      "stabilities": [
        "unstable"
      ],
      "unfree": false,
      "version": "1.97.1",
      "outputs_to_install": [
        "out"
      ],
      "outputs": {
        "out": "/nix/store/bd17xxvj4lyxnf7hgankn95a8h3pmw4d-cargo-1.97.1"
      },
      "system": "aarch64-linux",
      "group": "rust",
      "priority": 5
    },
    {
      "attr_path": "cargo",
      "broken": false,
      "derivation": "/nix/store/6kvix0y74lfsrx9h4rvgx01wnl2d7304-cargo-1.97.1.drv",
      "description": "Downloads your Rust project's dependencies and builds your project",
      "install_id": "cargo",
      "license": "[ MIT, Apache-2.0 ]",
      "locked_url": "https://github.com/flox/nixpkgs?rev=e5bdc4a41d4c072fe1e3787eaa0320a384741d44",
      "name": "cargo-1.97.1",
      "pname": "cargo",
      "rev": "e5bdc4a41d4c072fe1e3787eaa0320a384741d44",
      "rev_count": 1055335,
      "rev_date": "2026-08-16T06:49:45Z",
      "scrape_date": "2026-08-17T05:57:50.642934Z",
      "stabilities": [
        "unstable"
      ],
      "unfree": false,
      "version": "1.97.1",
      "outputs_to_install": [
        "out"
      ],
      "outputs": {
        "out": "/nix/store/cavxgwfb7l7akyvvqvnl39d6nw0wckgh-cargo-1.97.1"
      },
      "system": "x86_64-linux",
      "group": "rust",
      "priority": 5
    },
    {
      "attr_path": "clippy",
      "broken": false,
      "derivation": "/nix/store/5m2hfcyr8mzql0nx9xm1vwdrjdgf8sg0-clippy-1.97.1.drv",
      "description": "Bunch of lints to catch common mistakes and improve your Rust code",
      "install_id": "clippy",
      "license": "[ MIT, Apache-2.0 ]",
      "locked_url": "https://github.com/flox/nixpkgs?rev=e5bdc4a41d4c072fe1e3787eaa0320a384741d44",
      "name": "clippy-1.97.1",
      "pname": "clippy",
      "rev": "e5bdc4a41d4c072fe1e3787eaa0320a384741d44",
      "rev_count": 1055335,
      "rev_date": "2026-08-16T06:49:45Z",
      "scrape_date": "2026-08-17T04:55:26.343445Z",
      "stabilities": [
        "unstable"
      ],
      "unfree": false,
      "version": "1.97.1",
      "outputs_to_install": [
        "out"
      ],
      "outputs": {
        "out": "/nix/store/yp7i3nn4j5m14rvv1ps7a4hfpc112jkf-clippy-1.97.1"
      },
      "system": "aarch64-darwin",
      "group": "rust",
      "priority": 5
    },
    {
      "attr_path": "clippy",
      "broken": false,
      "derivation": "/nix/store/a3gsn6v0mwdjjnmfldaj91zlgmf7j3bj-clippy-1.97.1.drv",
      "description": "Bunch of lints to catch common mistakes and improve your Rust code",
      "install_id": "clippy",
      "license": "[ MIT, Apache-2.0 ]",
      "locked_url": "https://github.com/flox/nixpkgs?rev=e5bdc4a41d4c072fe1e3787eaa0320a384741d44",
      "name": "clippy-1.97.1",
      "pname": "clippy",
      "rev": "e5bdc4a41d4c072fe1e3787eaa0320a384741d44",
      "rev_count": 1055335,
      "rev_date": "2026-08-16T06:49:45Z",
      "scrape_date": "2026-08-17T05:24:50.777511Z",
      "stabilities": [
        "unstable"
      ],
      "unfree": false,
      "version": "1.97.1",
      "outputs_to_install": [
        "out"
      ],
      "outputs": {
        "debug": "/nix/store/yahg4qgg4agrx78wdr9xxjd384fwi8mh-clippy-1.97.1-debug",
        "out": "/nix/store/vnaw92fs5bjaccwv5kxyd5v4rm271adg-clippy-1.97.1"
      },
      "system": "aarch64-linux",
      "group": "rust",
      "priority": 5
    },
    {
      "attr_path": "clippy",
      "broken": false,
      "derivation": "/nix/store/xbg9h8a8srix13wxbkiccvd9clr560zj-clippy-1.97.1.drv",
      "description": "Bunch of lints to catch common mistakes and improve your Rust code",
      "install_id": "clippy",
      "license": "[ MIT, Apache-2.0 ]",
      "locked_url": "https://github.com/flox/nixpkgs?rev=e5bdc4a41d4c072fe1e3787eaa0320a384741d44",
      "name": "clippy-1.97.1",
      "pname": "clippy",
      "rev": "e5bdc4a41d4c072fe1e3787eaa0320a384741d44",
      "rev_count": 1055335,
      "rev_date": "2026-08-16T06:49:45Z",
      "scrape_date": "2026-08-17T05:57:50.891170Z",
      "stabilities": [
        "unstable"
      ],
      "unfree": false,
      "version": "1.97.1",
      "outputs_to_install": [
        "out"
      ],
      "outputs": {
        "debug": "/nix/store/ix75gwkxqk7ld1xd786gdkzkspk8v0xx-clippy-1.97.1-debug",
        "out": "/nix/store/94wbbyb1fzp4cplfs9samki875k9ypg7-clippy-1.97.1"
      },
      "system": "x86_64-linux",
      "group": "rust",
      "priority": 5
    },
    {
      "attr_path": "rustc",
      "broken": false,
      "derivation": "/nix/store/4bi31wgz1nagdry7r8ny8vz1qprv558m-rustc-wrapper-1.97.1.drv",
      "description": "Safe, concurrent, practical language (wrapper script)",
      "install_id": "rustc",
      "license": "[ MIT, Apache-2.0 ]",
      "locked_url": "https://github.com/flox/nixpkgs?rev=e5bdc4a41d4c072fe1e3787eaa0320a384741d44",
      "name": "rustc-wrapper-1.97.1",
      "pname": "rustc",
      "rev": "e5bdc4a41d4c072fe1e3787eaa0320a384741d44",
      "rev_count": 1055335,
      "rev_date": "2026-08-16T06:49:45Z",
      "scrape_date": "2026-08-17T04:57:04.479974Z",
      "stabilities": [
        "unstable"
      ],
      "unfree": false,
      "version": "1.97.1",
      "outputs_to_install": [
        "man",
        "out"
      ],
      "outputs": {
        "doc": "/nix/store/zyvpf2x8hfp3gl6561zr8fa6qkzqcj08-rustc-wrapper-1.97.1-doc",
        "man": "/nix/store/mlg531ry8nj53w0pl8n58hgyd07g8nld-rustc-wrapper-1.97.1-man",
        "out": "/nix/store/sbrjwqjkbc07drlcni93y51jlcmll8kq-rustc-wrapper-1.97.1"
      },
      "system": "aarch64-darwin",
      "group": "rust",
      "priority": 5
    },
    {
      "attr_path": "rustc",
      "broken": false,
      "derivation": "/nix/store/g59q9nmx9dk3bcdwln75bpfrfs52kcan-rustc-wrapper-1.97.1.drv",
      "description": "Safe, concurrent, practical language (wrapper script)",
      "install_id": "rustc",
      "license": "[ MIT, Apache-2.0 ]",
      "locked_url": "https://github.com/flox/nixpkgs?rev=e5bdc4a41d4c072fe1e3787eaa0320a384741d44",
      "name": "rustc-wrapper-1.97.1",
      "pname": "rustc",
      "rev": "e5bdc4a41d4c072fe1e3787eaa0320a384741d44",
      "rev_count": 1055335,
      "rev_date": "2026-08-16T06:49:45Z",
      "scrape_date": "2026-08-17T05:26:59.962402Z",
      "stabilities": [
        "unstable"
      ],
      "unfree": false,
      "version": "1.97.1",
      "outputs_to_install": [
        "man",
        "out"
      ],
      "outputs": {
        "doc": "/nix/store/wcs3mxddrf2cy6i5k01x2nr5rfkvx1bp-rustc-wrapper-1.97.1-doc",
        "man": "/nix/store/mc3pbmgnai54nbazbq7x8kmvbvdsqwsw-rustc-wrapper-1.97.1-man",
        "out": "/nix/store/27acgf1x5nd3mq2xygvb3nqrmkaf1hfa-rustc-wrapper-1.97.1"
      },
      "system": "aarch64-linux",
      "group": "rust",
      "priority": 5
    },
    {
      "attr_path": "rustc",
      "broken": false,
      "derivation": "/nix/store/mvcdf5vj3fl3cp2b5d8y8mvjk2na27yk-rustc-wrapper-1.97.1.drv",
      "description": "Safe, concurrent, practical language (wrapper script)",
      "install_id": "rustc",
      "license": "[ MIT, Apache-2.0 ]",
      "locked_url": "https://github.com/flox/nixpkgs?rev=e5bdc4a41d4c072fe1e3787eaa0320a384741d44",
      "name": "rustc-wrapper-1.97.1",
      "pname": "rustc",
      "rev": "e5bdc4a41d4c072fe1e3787eaa0320a384741d44",
      "rev_count": 1055335,
      "rev_date": "2026-08-16T06:49:45Z",
      "scrape_date": "2026-08-17T06:00:03.714968Z",
      "stabilities": [
        "unstable"
      ],
      "unfree": false,
      "version": "1.97.1",
      "outputs_to_install": [
        "man",
        "out"
      ],
      "outputs": {
        "doc": "/nix/store/912b4whj7si6ngfh3nnppncs74wl3ckf-rustc-wrapper-1.97.1-doc",
        "man": "/nix/store/pskqgcrxc2dysf2iy1fgz9gcl65ys6d0-rustc-wrapper-1.97.1-man",
        "out": "/nix/store/paaihvr59q1101200mabmk7y4yhw42g7-rustc-wrapper-1.97.1"
      },
      "system": "x86_64-linux",
      "group": "rust",
      "priority": 5
    },
    {
      "attr_path": "rustfmt",
      "broken": false,
      "derivation": "/nix/store/q5q4k9v5cgmsfg9j5g7fw0n7fl8ygapw-rustfmt-1.97.1.drv",
      "description": "Tool for formatting Rust code according to style guidelines",
      "install_id": "rustfmt",
      "license": "[ MIT, Apache-2.0 ]",
      "locked_url": "https://github.com/flox/nixpkgs?rev=e5bdc4a41d4c072fe1e3787eaa0320a384741d44",
      "name": "rustfmt-1.97.1",
      "pname": "rustfmt",
      "rev": "e5bdc4a41d4c072fe1e3787eaa0320a384741d44",
      "rev_count": 1055335,
      "rev_date": "2026-08-16T06:49:45Z",
      "scrape_date": "2026-08-17T04:57:04.506738Z",
      "stabilities": [
        "unstable"
      ],
      "unfree": false,
      "version": "1.97.1",
      "outputs_to_install": [
        "out"
      ],
      "outputs": {
        "out": "/nix/store/qw3712dp9vc21dypc12jcmxppgjdrvl5-rustfmt-1.97.1"
      },
      "system": "aarch64-darwin",
      "group": "rust",
      "priority": 5
    },
    {
      "attr_path": "rustfmt",
      "broken": false,
      "derivation": "/nix/store/r3xcl37i7mls0w29drs2qva17awsdw1f-rustfmt-1.97.1.drv",
      "description": "Tool for formatting Rust code according to style guidelines",
      "install_id": "rustfmt",
      "license": "[ MIT, Apache-2.0 ]",
      "locked_url": "https://github.com/flox/nixpkgs?rev=e5bdc4a41d4c072fe1e3787eaa0320a384741d44",
      "name": "rustfmt-1.97.1",
      "pname": "rustfmt",
      "rev": "e5bdc4a41d4c072fe1e3787eaa0320a384741d44",
      "rev_count": 1055335,
      "rev_date": "2026-08-16T06:49:45Z",
      "scrape_date": "2026-08-17T05:26:59.993605Z",
      "stabilities": [
        "unstable"
      ],
      "unfree": false,
      "version": "1.97.1",
      "outputs_to_install": [
        "out"
      ],
      "outputs": {
        "out": "/nix/store/zksr08kcl9yq6xzw6z6khlganpjmdw7b-rustfmt-1.97.1"
      },
      "system": "aarch64-linux",
      "group": "rust",
      "priority": 5
    },
    {
      "attr_path": "rustfmt",
      "broken": false,
      "derivation": "/nix/store/cp60kzmpw64zq1ix14k4c21gizxdv7lc-rustfmt-1.97.1.drv",
      "description": "Tool for formatting Rust code according to style guidelines",
      "install_id": "rustfmt",
      "license": "[ MIT, Apache-2.0 ]",
      "locked_url": "https://github.com/flox/nixpkgs?rev=e5bdc4a41d4c072fe1e3787eaa0320a384741d44",
      "name": "rustfmt-1.97.1",
      "pname": "rustfmt",
      "rev": "e5bdc4a41d4c072fe1e3787eaa0320a384741d44",
      "rev_count": 1055335,
      "rev_date": "2026-08-16T06:49:45Z",
      "scrape_date": "2026-08-17T06:00:03.747417Z",
      "stabilities": [
        "unstable"
      ],
      "unfree": false,
      "version": "1.97.1",
      "outputs_to_install": [
        "out"
      ],
      "outputs": {
        "out": "/nix/store/k2hwcha2p1fy0v0py34vq3jyvwqk339p-rustfmt-1.97.1"
      },
      "system": "x86_64-linux",
      "group": "rust",
      "priority": 5
    }
  ]
}
