{
  "lockfile-version": 1,
  "manifest": {
    "schema-version": "1.12.0",
    "install": {
      "buf": {
        "pkg-path": "buf",
        "pkg-group": "buf",
        "version": "1.72.0"
      },
      "cargo": {
        "pkg-path": "cargo",
        "pkg-group": "rust",
        "version": "1.97.1"
      },
      "cargo-audit": {
        "pkg-path": "cargo-audit",
        "pkg-group": "audit",
        "version": "0.22.2"
      },
      "clippy": {
        "pkg-path": "clippy",
        "pkg-group": "rust",
        "version": "1.97.1"
      },
      "gcc-unwrapped": {
        "pkg-path": "gcc-unwrapped",
        "outputs": [
          "lib"
        ]
      },
      "gitleaks": {
        "pkg-path": "gitleaks",
        "pkg-group": "audit",
        "version": "8.30.1"
      },
      "go": {
        "pkg-path": "go",
        "version": "1.26.4"
      },
      "libffi": {
        "pkg-path": "libffi"
      },
      "nodejs": {
        "pkg-path": "nodejs",
        "pkg-group": "node",
        "version": "24.20.0"
      },
      "python314": {
        "pkg-path": "python314",
        "version": "python3-3.14.6"
      },
      "rustc": {
        "pkg-path": "rustc",
        "pkg-group": "rust",
        "version": "1.97.1"
      },
      "rustfmt": {
        "pkg-path": "rustfmt",
        "pkg-group": "rust",
        "version": "1.97.1"
      },
      "uv": {
        "pkg-path": "uv",
        "version": ">=0.11.26"
      }
    },
    "vars": {
      "GOTOOLCHAIN": "go1.26.6+auto",
      "UV_PYTHON_DOWNLOADS": "never"
    },
    "hook": {
      "on-activate": "  export UV_PYTHON=\"$(command -v python3.14)\"\n"
    },
    "options": {
      "systems": [
        "aarch64-darwin",
        "aarch64-linux",
        "x86_64-linux"
      ]
    }
  },
  "packages": [
    {
      "attr_path": "cargo-audit",
      "broken": false,
      "derivation": "/nix/store/dybnw4rbrxm78djirw1q0p689i8pr8dv-cargo-audit-0.22.2.drv",
      "description": "Audit Cargo.lock files for crates with security vulnerabilities",
      "install_id": "cargo-audit",
      "license": "[ MIT, Apache-2.0 ]",
      "locked_url": "https://github.com/flox/nixpkgs?rev=e5bdc4a41d4c072fe1e3787eaa0320a384741d44",
      "name": "cargo-audit-0.22.2",
      "pname": "cargo-audit",
      "rev": "e5bdc4a41d4c072fe1e3787eaa0320a384741d44",
      "rev_count": 1055335,
      "rev_date": "2026-08-16T06:49:45Z",
      "scrape_date": "2026-08-17T04:55:26.153844Z",
      "stabilities": [
        "unstable"
      ],
      "unfree": false,
      "version": "0.22.2",
      "outputs_to_install": [
        "out"
      ],
      "outputs": {
        "out": "/nix/store/al20k2mjlzjc20pn096m2wl7029b58b3-cargo-audit-0.22.2"
      },
      "system": "aarch64-darwin",
      "group": "audit",
      "priority": 5
    },
    {
      "attr_path": "cargo-audit",
      "broken": false,
      "derivation": "/nix/store/mdvclc4b87ww99s7jw8sclyllii7vcf3-cargo-audit-0.22.2.drv",
      "description": "Audit Cargo.lock files for crates with security vulnerabilities",
      "install_id": "cargo-audit",
      "license": "[ MIT, Apache-2.0 ]",
      "locked_url": "https://github.com/flox/nixpkgs?rev=e5bdc4a41d4c072fe1e3787eaa0320a384741d44",
      "name": "cargo-audit-0.22.2",
      "pname": "cargo-audit",
      "rev": "e5bdc4a41d4c072fe1e3787eaa0320a384741d44",
      "rev_count": 1055335,
      "rev_date": "2026-08-16T06:49:45Z",
      "scrape_date": "2026-08-17T05:24:50.545460Z",
      "stabilities": [
        "unstable"
      ],
      "unfree": false,
      "version": "0.22.2",
      "outputs_to_install": [
        "out"
      ],
      "outputs": {
        "out": "/nix/store/rf2nidiay0bxycmc3nphh0hh8psm05h7-cargo-audit-0.22.2"
      },
      "system": "aarch64-linux",
      "group": "audit",
      "priority": 5
    },
    {
      "attr_path": "cargo-audit",
      "broken": false,
      "derivation": "/nix/store/23xwhgmhkjzj9dkspp57j35yksl3iwbh-cargo-audit-0.22.2.drv",
      "description": "Audit Cargo.lock files for crates with security vulnerabilities",
      "install_id": "cargo-audit",
      "license": "[ MIT, Apache-2.0 ]",
      "locked_url": "https://github.com/flox/nixpkgs?rev=e5bdc4a41d4c072fe1e3787eaa0320a384741d44",
      "name": "cargo-audit-0.22.2",
      "pname": "cargo-audit",
      "rev": "e5bdc4a41d4c072fe1e3787eaa0320a384741d44",
      "rev_count": 1055335,
      "rev_date": "2026-08-16T06:49:45Z",
      "scrape_date": "2026-08-17T05:57:50.644248Z",
      "stabilities": [
        "unstable"
      ],
      "unfree": false,
      "version": "0.22.2",
      "outputs_to_install": [
        "out"
      ],
      "outputs": {
        "out": "/nix/store/gsf1i8qp6m5dxbwxxbn999r150jicbpz-cargo-audit-0.22.2"
      },
      "system": "x86_64-linux",
      "group": "audit",
      "priority": 5
    },
    {
      "attr_path": "gitleaks",
      "broken": false,
      "derivation": "/nix/store/kkg3c4vwcrf3jbdicnh8z5mn91qmfm03-gitleaks-8.30.1.drv",
      "description": "Scan git repos (or files) for secrets",
      "install_id": "gitleaks",
      "license": "MIT",
      "locked_url": "https://github.com/flox/nixpkgs?rev=e5bdc4a41d4c072fe1e3787eaa0320a384741d44",
      "name": "gitleaks-8.30.1",
      "pname": "gitleaks",
      "rev": "e5bdc4a41d4c072fe1e3787eaa0320a384741d44",
      "rev_count": 1055335,
      "rev_date": "2026-08-16T06:49:45Z",
      "scrape_date": "2026-08-17T04:55:27.361234Z",
      "stabilities": [
        "unstable"
      ],
      "unfree": false,
      "version": "8.30.1",
      "outputs_to_install": [
        "out"
      ],
      "outputs": {
        "out": "/nix/store/0zilxn1s7vskm1b8jxbyic99aql7zzaq-gitleaks-8.30.1"
      },
      "system": "aarch64-darwin",
      "group": "audit",
      "priority": 5
    },
    {
      "attr_path": "gitleaks",
      "broken": false,
      "derivation": "/nix/store/ccqv46qcsca6yla7mdic4iwajsag5697-gitleaks-8.30.1.drv",
      "description": "Scan git repos (or files) for secrets",
      "install_id": "gitleaks",
      "license": "MIT",
      "locked_url": "https://github.com/flox/nixpkgs?rev=e5bdc4a41d4c072fe1e3787eaa0320a384741d44",
      "name": "gitleaks-8.30.1",
      "pname": "gitleaks",
      "rev": "e5bdc4a41d4c072fe1e3787eaa0320a384741d44",
      "rev_count": 1055335,
      "rev_date": "2026-08-16T06:49:45Z",
      "scrape_date": "2026-08-17T05:24:52.230129Z",
      "stabilities": [
        "unstable"
      ],
      "unfree": false,
      "version": "8.30.1",
      "outputs_to_install": [
        "out"
      ],
      "outputs": {
        "out": "/nix/store/7fbpgnngix9bnqgflzfybz2i8nrr8cmj-gitleaks-8.30.1"
      },
      "system": "aarch64-linux",
      "group": "audit",
      "priority": 5
    },
    {
      "attr_path": "gitleaks",
      "broken": false,
      "derivation": "/nix/store/kdfb45k3y1czqn6fc208lhwdpz3smydj-gitleaks-8.30.1.drv",
      "description": "Scan git repos (or files) for secrets",
      "install_id": "gitleaks",
      "license": "MIT",
      "locked_url": "https://github.com/flox/nixpkgs?rev=e5bdc4a41d4c072fe1e3787eaa0320a384741d44",
      "name": "gitleaks-8.30.1",
      "pname": "gitleaks",
      "rev": "e5bdc4a41d4c072fe1e3787eaa0320a384741d44",
      "rev_count": 1055335,
      "rev_date": "2026-08-16T06:49:45Z",
      "scrape_date": "2026-08-17T05:57:52.455817Z",
      "stabilities": [
        "unstable"
      ],
      "unfree": false,
      "version": "8.30.1",
      "outputs_to_install": [
        "out"
      ],
      "outputs": {
        "out": "/nix/store/dmi3zxbmff31nb0j6y24wi2055k7ahsw-gitleaks-8.30.1"
      },
      "system": "x86_64-linux",
      "group": "audit",
      "priority": 5
    },
    {
      "attr_path": "cargo",
      "broken": false,
      "derivation": "/nix/store/ip7hdh42iqlha9316jp4h5smn24p4jci-cargo-1.97.1.drv",
      "description": "Downloads your Rust project's dependencies and builds your project",
      "install_id": "cargo",
      "license": "[ MIT, Apache-2.0 ]",
      "locked_url": "https://github.com/flox/nixpkgs?rev=e5bdc4a41d4c072fe1e3787eaa0320a384741d44",
      "name": "cargo-1.97.1",
      "pname": "cargo",
      "rev": "e5bdc4a41d4c072fe1e3787eaa0320a384741d44",
      "rev_count": 1055335,
      "rev_date": "2026-08-16T06:49:45Z",
      "scrape_date": "2026-08-17T04:55:26.152785Z",
      "stabilities": [
        "unstable"
      ],
      "unfree": false,
      "version": "1.97.1",
      "outputs_to_install": [
        "out"
      ],
      "outputs": {
        "out": "/nix/store/xnf2hlnjmmi59r6c1nzy018759xlp5pk-cargo-1.97.1"
      },
      "system": "aarch64-darwin",
      "group": "rust",
      "priority": 5
    },
    {
      "attr_path": "cargo",
      "broken": false,
      "derivation": "/nix/store/i14n7c0jj82njw8j3h5l5qzp4gy6q0iz-cargo-1.97.1.drv",
      "description": "Downloads your Rust project's dependencies and builds your project",
      "install_id": "cargo",
      "license": "[ MIT, Apache-2.0 ]",
      "locked_url": "https://github.com/flox/nixpkgs?rev=e5bdc4a41d4c072fe1e3787eaa0320a384741d44",
      "name": "cargo-1.97.1",
      "pname": "cargo",
      "rev": "e5bdc4a41d4c072fe1e3787eaa0320a384741d44",
      "rev_count": 1055335,
      "rev_date": "2026-08-16T06:49:45Z",
      "scrape_date": "2026-08-17T05:24:50.544223Z",
      "stabilities": [
        "unstable"
      ],
      "unfree": false,
      "version": "1.97.1",
      "outputs_to_install": [
        "out"
      ],
      "outputs": {
        "out": "/nix/store/bd17xxvj4lyxnf7hgankn95a8h3pmw4d-cargo-1.97.1"
      },
      "system": "aarch64-linux",
      "group": "rust",
      "priority": 5
    },
    {
      "attr_path": "cargo",
      "broken": false,
      "derivation": "/nix/store/6kvix0y74lfsrx9h4rvgx01wnl2d7304-cargo-1.97.1.drv",
      "description": "Downloads your Rust project's dependencies and builds your project",
      "install_id": "cargo",
      "license": "[ MIT, Apache-2.0 ]",
      "locked_url": "https://github.com/flox/nixpkgs?rev=e5bdc4a41d4c072fe1e3787eaa0320a384741d44",
      "name": "cargo-1.97.1",
      "pname": "cargo",
      "rev": "e5bdc4a41d4c072fe1e3787eaa0320a384741d44",
      "rev_count": 1055335,
      "rev_date": "2026-08-16T06:49:45Z",
      "scrape_date": "2026-08-17T05:57:50.642934Z",
      "stabilities": [
        "unstable"
      ],
      "unfree": false,
      "version": "1.97.1",
      "outputs_to_install": [
        "out"
      ],
      "outputs": {
        "out": "/nix/store/cavxgwfb7l7akyvvqvnl39d6nw0wckgh-cargo-1.97.1"
      },
      "system": "x86_64-linux",
      "group": "rust",
      "priority": 5
    },
    {
      "attr_path": "clippy",
      "broken": false,
      "derivation": "/nix/store/5m2hfcyr8mzql0nx9xm1vwdrjdgf8sg0-clippy-1.97.1.drv",
      "description": "Bunch of lints to catch common mistakes and improve your Rust code",
      "install_id": "clippy",
      "license": "[ MIT, Apache-2.0 ]",
      "locked_url": "https://github.com/flox/nixpkgs?rev=e5bdc4a41d4c072fe1e3787eaa0320a384741d44",
      "name": "clippy-1.97.1",
      "pname": "clippy",
      "rev": "e5bdc4a41d4c072fe1e3787eaa0320a384741d44",
      "rev_count": 1055335,
      "rev_date": "2026-08-16T06:49:45Z",
      "scrape_date": "2026-08-17T04:55:26.343445Z",
      "stabilities": [
        "unstable"
      ],
      "unfree": false,
      "version": "1.97.1",
      "outputs_to_install": [
        "out"
      ],
      "outputs": {
        "out": "/nix/store/yp7i3nn4j5m14rvv1ps7a4hfpc112jkf-clippy-1.97.1"
      },
      "system": "aarch64-darwin",
      "group": "rust",
      "priority": 5
    },
    {
      "attr_path": "clippy",
      "broken": false,
      "derivation": "/nix/store/a3gsn6v0mwdjjnmfldaj91zlgmf7j3bj-clippy-1.97.1.drv",
      "description": "Bunch of lints to catch common mistakes and improve your Rust code",
      "install_id": "clippy",
      "license": "[ MIT, Apache-2.0 ]",
      "locked_url": "https://github.com/flox/nixpkgs?rev=e5bdc4a41d4c072fe1e3787eaa0320a384741d44",
      "name": "clippy-1.97.1",
      "pname": "clippy",
      "rev": "e5bdc4a41d4c072fe1e3787eaa0320a384741d44",
      "rev_count": 1055335,
      "rev_date": "2026-08-16T06:49:45Z",
      "scrape_date": "2026-08-17T05:24:50.777511Z",
      "stabilities": [
        "unstable"
      ],
      "unfree": false,
      "version": "1.97.1",
      "outputs_to_install": [
        "out"
      ],
      "outputs": {
        "debug": "/nix/store/yahg4qgg4agrx78wdr9xxjd384fwi8mh-clippy-1.97.1-debug",
        "out": "/nix/store/vnaw92fs5bjaccwv5kxyd5v4rm271adg-clippy-1.97.1"
      },
      "system": "aarch64-linux",
      "group": "rust",
      "priority": 5
    },
    {
      "attr_path": "clippy",
      "broken": false,
      "derivation": "/nix/store/xbg9h8a8srix13wxbkiccvd9clr560zj-clippy-1.97.1.drv",
      "description": "Bunch of lints to catch common mistakes and improve your Rust code",
      "install_id": "clippy",
      "license": "[ MIT, Apache-2.0 ]",
      "locked_url": "https://github.com/flox/nixpkgs?rev=e5bdc4a41d4c072fe1e3787eaa0320a384741d44",
      "name": "clippy-1.97.1",
      "pname": "clippy",
      "rev": "e5bdc4a41d4c072fe1e3787eaa0320a384741d44",
      "rev_count": 1055335,
      "rev_date": "2026-08-16T06:49:45Z",
      "scrape_date": "2026-08-17T05:57:50.891170Z",
      "stabilities": [
        "unstable"
      ],
      "unfree": false,
      "version": "1.97.1",
      "outputs_to_install": [
        "out"
      ],
      "outputs": {
        "debug": "/nix/store/ix75gwkxqk7ld1xd786gdkzkspk8v0xx-clippy-1.97.1-debug",
        "out": "/nix/store/94wbbyb1fzp4cplfs9samki875k9ypg7-clippy-1.97.1"
      },
      "system": "x86_64-linux",
      "group": "rust",
      "priority": 5
    },
    {
      "attr_path": "rustc",
      "broken": false,
      "derivation": "/nix/store/4bi31wgz1nagdry7r8ny8vz1qprv558m-rustc-wrapper-1.97.1.drv",
      "description": "Safe, concurrent, practical language (wrapper script)",
      "install_id": "rustc",
      "license": "[ MIT, Apache-2.0 ]",
      "locked_url": "https://github.com/flox/nixpkgs?rev=e5bdc4a41d4c072fe1e3787eaa0320a384741d44",
      "name": "rustc-wrapper-1.97.1",
      "pname": "rustc",
      "rev": "e5bdc4a41d4c072fe1e3787eaa0320a384741d44",
      "rev_count": 1055335,
      "rev_date": "2026-08-16T06:49:45Z",
      "scrape_date": "2026-08-17T04:57:04.479974Z",
      "stabilities": [
        "unstable"
      ],
      "unfree": false,
      "version": "1.97.1",
      "outputs_to_install": [
        "man",
        "out"
      ],
      "outputs": {
        "doc": "/nix/store/zyvpf2x8hfp3gl6561zr8fa6qkzqcj08-rustc-wrapper-1.97.1-doc",
        "man": "/nix/store/mlg531ry8nj53w0pl8n58hgyd07g8nld-rustc-wrapper-1.97.1-man",
        "out": "/nix/store/sbrjwqjkbc07drlcni93y51jlcmll8kq-rustc-wrapper-1.97.1"
      },
      "system": "aarch64-darwin",
      "group": "rust",
      "priority": 5
    },
    {
      "attr_path": "rustc",
      "broken": false,
      "derivation": "/nix/store/g59q9nmx9dk3bcdwln75bpfrfs52kcan-rustc-wrapper-1.97.1.drv",
      "description": "Safe, concurrent, practical language (wrapper script)",
      "install_id": "rustc",
      "license": "[ MIT, Apache-2.0 ]",
      "locked_url": "https://github.com/flox/nixpkgs?rev=e5bdc4a41d4c072fe1e3787eaa0320a384741d44",
      "name": "rustc-wrapper-1.97.1",
      "pname": "rustc",
      "rev": "e5bdc4a41d4c072fe1e3787eaa0320a384741d44",
      "rev_count": 1055335,
      "rev_date": "2026-08-16T06:49:45Z",
      "scrape_date": "2026-08-17T05:26:59.962402Z",
      "stabilities": [
        "unstable"
      ],
      "unfree": false,
      "version": "1.97.1",
      "outputs_to_install": [
        "man",
        "out"
      ],
      "outputs": {
        "doc": "/nix/store/wcs3mxddrf2cy6i5k01x2nr5rfkvx1bp-rustc-wrapper-1.97.1-doc",
        "man": "/nix/store/mc3pbmgnai54nbazbq7x8kmvbvdsqwsw-rustc-wrapper-1.97.1-man",
        "out": "/nix/store/27acgf1x5nd3mq2xygvb3nqrmkaf1hfa-rustc-wrapper-1.97.1"
      },
      "system": "aarch64-linux",
      "group": "rust",
      "priority": 5
    },
    {
      "attr_path": "rustc",
      "broken": false,
      "derivation": "/nix/store/mvcdf5vj3fl3cp2b5d8y8mvjk2na27yk-rustc-wrapper-1.97.1.drv",
      "description": "Safe, concurrent, practical language (wrapper script)",
      "install_id": "rustc",
      "license": "[ MIT, Apache-2.0 ]",
      "locked_url": "https://github.com/flox/nixpkgs?rev=e5bdc4a41d4c072fe1e3787eaa0320a384741d44",
      "name": "rustc-wrapper-1.97.1",
      "pname": "rustc",
      "rev": "e5bdc4a41d4c072fe1e3787eaa0320a384741d44",
      "rev_count": 1055335,
      "rev_date": "2026-08-16T06:49:45Z",
      "scrape_date": "2026-08-17T06:00:03.714968Z",
      "stabilities": [
        "unstable"
      ],
      "unfree": false,
      "version": "1.97.1",
      "outputs_to_install": [
        "man",
        "out"
      ],
      "outputs": {
        "doc": "/nix/store/912b4whj7si6ngfh3nnppncs74wl3ckf-rustc-wrapper-1.97.1-doc",
        "man": "/nix/store/pskqgcrxc2dysf2iy1fgz9gcl65ys6d0-rustc-wrapper-1.97.1-man",
        "out": "/nix/store/paaihvr59q1101200mabmk7y4yhw42g7-rustc-wrapper-1.97.1"
      },
      "system": "x86_64-linux",
      "group": "rust",
      "priority": 5
    },
    {
      "attr_path": "rustfmt",
      "broken": false,
      "derivation": "/nix/store/q5q4k9v5cgmsfg9j5g7fw0n7fl8ygapw-rustfmt-1.97.1.drv",
      "description": "Tool for formatting Rust code according to style guidelines",
      "install_id": "rustfmt",
      "license": "[ MIT, Apache-2.0 ]",
      "locked_url": "https://github.com/flox/nixpkgs?rev=e5bdc4a41d4c072fe1e3787eaa0320a384741d44",
      "name": "rustfmt-1.97.1",
      "pname": "rustfmt",
      "rev": "e5bdc4a41d4c072fe1e3787eaa0320a384741d44",
      "rev_count": 1055335,
      "rev_date": "2026-08-16T06:49:45Z",
      "scrape_date": "2026-08-17T04:57:04.506738Z",
      "stabilities": [
        "unstable"
      ],
      "unfree": false,
      "version": "1.97.1",
      "outputs_to_install": [
        "out"
      ],
      "outputs": {
        "out": "/nix/store/qw3712dp9vc21dypc12jcmxppgjdrvl5-rustfmt-1.97.1"
      },
      "system": "aarch64-darwin",
      "group": "rust",
      "priority": 5
    },
    {
      "attr_path": "rustfmt",
      "broken": false,
      "derivation": "/nix/store/r3xcl37i7mls0w29drs2qva17awsdw1f-rustfmt-1.97.1.drv",
      "description": "Tool for formatting Rust code according to style guidelines",
      "install_id": "rustfmt",
      "license": "[ MIT, Apache-2.0 ]",
      "locked_url": "https://github.com/flox/nixpkgs?rev=e5bdc4a41d4c072fe1e3787eaa0320a384741d44",
      "name": "rustfmt-1.97.1",
      "pname": "rustfmt",
      "rev": "e5bdc4a41d4c072fe1e3787eaa0320a384741d44",
      "rev_count": 1055335,
      "rev_date": "2026-08-16T06:49:45Z",
      "scrape_date": "2026-08-17T05:26:59.993605Z",
      "stabilities": [
        "unstable"
      ],
      "unfree": false,
      "version": "1.97.1",
      "outputs_to_install": [
        "out"
      ],
      "outputs": {
        "out": "/nix/store/zksr08kcl9yq6xzw6z6khlganpjmdw7b-rustfmt-1.97.1"
      },
      "system": "aarch64-linux",
      "group": "rust",
      "priority": 5
    },
    {
      "attr_path": "rustfmt",
      "broken": false,
      "derivation": "/nix/store/cp60kzmpw64zq1ix14k4c21gizxdv7lc-rustfmt-1.97.1.drv",
      "description": "Tool for formatting Rust code according to style guidelines",
      "install_id": "rustfmt",
      "license": "[ MIT, Apache-2.0 ]",
      "locked_url": "https://github.com/flox/nixpkgs?rev=e5bdc4a41d4c072fe1e3787eaa0320a384741d44",
      "name": "rustfmt-1.97.1",
      "pname": "rustfmt",
      "rev": "e5bdc4a41d4c072fe1e3787eaa0320a384741d44",
      "rev_count": 1055335,
      "rev_date": "2026-08-16T06:49:45Z",
      "scrape_date": "2026-08-17T06:00:03.747417Z",
      "stabilities": [
        "unstable"
      ],
      "unfree": false,
      "version": "1.97.1",
      "outputs_to_install": [
        "out"
      ],
      "outputs": {
        "out": "/nix/store/k2hwcha2p1fy0v0py34vq3jyvwqk339p-rustfmt-1.97.1"
      },
      "system": "x86_64-linux",
      "group": "rust",
      "priority": 5
    },
    {
      "attr_path": "buf",
      "broken": false,
      "derivation": "/nix/store/wqd1i949wb88wv9rifz1jfdjvqwgz9b5-buf-1.72.0.drv",
      "description": "Create consistent Protobuf APIs that preserve compatibility and comply with design best-practices",
      "install_id": "buf",
      "license": "Apache-2.0",
      "locked_url": "https://github.com/flox/nixpkgs?rev=4975466d324710c576dc11ad614684e6bd8cad8e",
      "name": "buf-1.72.0",
      "pname": "buf",
      "rev": "4975466d324710c576dc11ad614684e6bd8cad8e",
      "rev_count": 1078696,
      "rev_date": "2026-09-23T17:48:10Z",
      "scrape_date": "2026-09-25T04:58:28.138404Z",
      "stabilities": [
        "unstable"
      ],
      "unfree": false,
      "version": "1.72.0",
      "outputs_to_install": [
        "out"
      ],
      "outputs": {
        "out": "/nix/store/4hb0kxvyaxnz8agf26vv25j7f9kg9wjw-buf-1.72.0"
      },
      "system": "aarch64-darwin",
      "group": "buf",
      "priority": 5
    },
    {
      "attr_path": "buf",
      "broken": false,
      "derivation": "/nix/store/cfs0slg3g15f2pq9fkijb6p5m3708y17-buf-1.72.0.drv",
      "description": "Create consistent Protobuf APIs that preserve compatibility and comply with design best-practices",
      "install_id": "buf",
      "license": "Apache-2.0",
      "locked_url": "https://github.com/flox/nixpkgs?rev=4975466d324710c576dc11ad614684e6bd8cad8e",
      "name": "buf-1.72.0",
      "pname": "buf",
      "rev": "4975466d324710c576dc11ad614684e6bd8cad8e",
      "rev_count": 1078696,
      "rev_date": "2026-09-23T17:48:10Z",
      "scrape_date": "2026-09-25T05:30:00.998832Z",
      "stabilities": [
        "unstable"
      ],
      "unfree": false,
      "version": "1.72.0",
      "outputs_to_install": [
        "out"
      ],
      "outputs": {
        "out": "/nix/store/rnj28cal3w4g3w1n05479rqyhdq54p2g-buf-1.72.0"
      },
      "system": "aarch64-linux",
      "group": "buf",
      "priority": 5
    },
    {
      "attr_path": "buf",
      "broken": false,
      "derivation": "/nix/store/prxldl2wq6yg00h2zvn7rw6kklvj8hdw-buf-1.72.0.drv",
      "description": "Create consistent Protobuf APIs that preserve compatibility and comply with design best-practices",
      "install_id": "buf",
      "license": "Apache-2.0",
      "locked_url": "https://github.com/flox/nixpkgs?rev=4975466d324710c576dc11ad614684e6bd8cad8e",
      "name": "buf-1.72.0",
      "pname": "buf",
      "rev": "4975466d324710c576dc11ad614684e6bd8cad8e",
      "rev_count": 1078696,
      "rev_date": "2026-09-23T17:48:10Z",
      "scrape_date": "2026-09-25T06:06:24.672298Z",
      "stabilities": [
        "unstable"
      ],
      "unfree": false,
      "version": "1.72.0",
      "outputs_to_install": [
        "out"
      ],
      "outputs": {
        "out": "/nix/store/0d21d3022nnzpyy58qpdfqdh16f21yz4-buf-1.72.0"
      },
      "system": "x86_64-linux",
      "group": "buf",
      "priority": 5
    },
    {
      "attr_path": "nodejs",
      "broken": false,
      "derivation": "/nix/store/j062ph4sqspapzz4bz4knx0icy2kfgjy-nodejs-24.20.0.drv",
      "description": "Event-driven I/O framework for the V8 JavaScript engine",
      "install_id": "nodejs",
      "license": "MIT",
      "locked_url": "https://github.com/flox/nixpkgs?rev=4975466d324710c576dc11ad614684e6bd8cad8e",
      "name": "nodejs-24.20.0",
      "pname": "nodejs",
      "rev": "4975466d324710c576dc11ad614684e6bd8cad8e",
      "rev_count": 1078696,
      "rev_date": "2026-09-23T17:48:10Z",
      "scrape_date": "2026-09-25T04:58:53.073357Z",
      "stabilities": [
        "unstable"
      ],
      "unfree": false,
      "version": "24.20.0",
      "outputs_to_install": [
        "out",
        "out"
      ],
      "outputs": {
        "out": "/nix/store/7pn7zw2sciv3fih9l4xpyvx0q8hlrr0w-nodejs-24.20.0"
      },
      "system": "aarch64-darwin",
      "group": "node",
      "priority": 5
    },
    {
      "attr_path": "nodejs",
      "broken": false,
      "derivation": "/nix/store/z4ixg7wqqz4wvlvb3ava11m1khid3a1g-nodejs-24.20.0.drv",
      "description": "Event-driven I/O framework for the V8 JavaScript engine",
      "install_id": "nodejs",
      "license": "MIT",
      "locked_url": "https://github.com/flox/nixpkgs?rev=4975466d324710c576dc11ad614684e6bd8cad8e",
      "name": "nodejs-24.20.0",
      "pname": "nodejs",
      "rev": "4975466d324710c576dc11ad614684e6bd8cad8e",
      "rev_count": 1078696,
      "rev_date": "2026-09-23T17:48:10Z",
      "scrape_date": "2026-09-25T05:30:39.969732Z",
      "stabilities": [
        "unstable"
      ],
      "unfree": false,
      "version": "24.20.0",
      "outputs_to_install": [
        "out",
        "out"
      ],
      "outputs": {
        "out": "/nix/store/hnizp3p9k7gix8iqlip1pai9fy417ygy-nodejs-24.20.0"
      },
      "system": "aarch64-linux",
      "group": "node",
      "priority": 5
    },
    {
      "attr_path": "nodejs",
      "broken": false,
      "derivation": "/nix/store/0z73lh3jfj7hpng8kiinipj94wrwa0j9-nodejs-24.20.0.drv",
      "description": "Event-driven I/O framework for the V8 JavaScript engine",
      "install_id": "nodejs",
      "license": "MIT",
      "locked_url": "https://github.com/flox/nixpkgs?rev=4975466d324710c576dc11ad614684e6bd8cad8e",
      "name": "nodejs-24.20.0",
      "pname": "nodejs",
      "rev": "4975466d324710c576dc11ad614684e6bd8cad8e",
      "rev_count": 1078696,
      "rev_date": "2026-09-23T17:48:10Z",
      "scrape_date": "2026-09-25T06:07:06.240653Z",
      "stabilities": [
        "unstable"
      ],
      "unfree": false,
      "version": "24.20.0",
      "outputs_to_install": [
        "out",
        "out"
      ],
      "outputs": {
        "out": "/nix/store/v6wsd9nyglmwh32yn7w8z11dq9cksg4m-nodejs-24.20.0"
      },
      "system": "x86_64-linux",
      "group": "node",
      "priority": 5
    },
    {
      "attr_path": "gcc-unwrapped",
      "broken": false,
      "derivation": "/nix/store/kfn61ps0pd51fayry9b78pff3xzmsm47-gcc-15.2.0.drv",
      "description": "GNU Compiler Collection, version 15.2.0",
      "install_id": "gcc-unwrapped",
      "license": "GPL-3.0-or-later",
      "locked_url": "https://github.com/flox/nixpkgs?rev=241313f4e8e508cb9b13278c2b0fa25b9ca27163",
      "name": "gcc-15.2.0",
      "pname": "gcc-unwrapped",
      "rev": "241313f4e8e508cb9b13278c2b0fa25b9ca27163",
      "rev_count": 1037713,
      "rev_date": "2026-07-19T21:52:44Z",
      "scrape_date": "2026-07-21T04:53:56.956244Z",
      "stabilities": [
        "unstable",
        "staging",
        "stable"
      ],
      "unfree": false,
      "version": "15.2.0",
      "outputs_to_install": [
        "man",
        "out"
      ],
      "outputs": {
        "info": "/nix/store/r0rgk04kknvplr8hsk0gzdkmfjagrj5h-gcc-15.2.0-info",
        "lib": "/nix/store/zlhm759qslk93pvgia59wia4ifah7kzw-gcc-15.2.0-lib",
        "man": "/nix/store/k30hqp9z38pfrxq8rbc7qvj8b9558lmi-gcc-15.2.0-man",
        "out": "/nix/store/zh9hbci07yh526yj3f8cwa3npm92grmr-gcc-15.2.0"
      },
      "system": "aarch64-darwin",
      "group": "toplevel",
      "priority": 5
    },
    {
      "attr_path": "gcc-unwrapped",
      "broken": false,
      "derivation": "/nix/store/bxm1xaiv2f4r0yc5z1xgrr43v63hvszj-gcc-15.2.0.drv",
      "description": "GNU Compiler Collection, version 15.2.0",
      "install_id": "gcc-unwrapped",
      "license": "GPL-3.0-or-later",
      "locked_url": "https://github.com/flox/nixpkgs?rev=241313f4e8e508cb9b13278c2b0fa25b9ca27163",
      "name": "gcc-15.2.0",
      "pname": "gcc-unwrapped",
      "rev": "241313f4e8e508cb9b13278c2b0fa25b9ca27163",
      "rev_count": 1037713,
      "rev_date": "2026-07-19T21:52:44Z",
      "scrape_date": "2026-07-21T05:24:21.755740Z",
      "stabilities": [
        "unstable",
        "staging",
        "stable"
      ],
      "unfree": false,
      "version": "15.2.0",
      "outputs_to_install": [
        "man",
        "out",
        "out"
      ],
      "outputs": {
        "checksum": "/nix/store/v7p4iaan4gmlcvbj36hszsg8bn9kc3a2-gcc-15.2.0-checksum",
        "info": "/nix/store/fjbf3vyinwn96q72w0cdpwyi4vk29z4a-gcc-15.2.0-info",
        "lib": "/nix/store/hp54qay7ayl502zksigjr1irfn7h7zrp-gcc-15.2.0-lib",
        "libgcc": "/nix/store/ywqrpp6yixmafd0lszqb5ggv3c8zwfin-gcc-15.2.0-libgcc",
        "man": "/nix/store/avnqzfjyp8rgsv34fnq599gfii09f6zc-gcc-15.2.0-man",
        "out": "/nix/store/8f6sbbxpdxmkp0r55dabn645s5j4wcl4-gcc-15.2.0"
      },
      "system": "aarch64-linux",
      "group": "toplevel",
      "priority": 5
    },
    {
      "attr_path": "gcc-unwrapped",
      "broken": false,
      "derivation": "/nix/store/0k916n4i6bw36wvn4xq0abcss7sh3icc-gcc-15.2.0.drv",
      "description": "GNU Compiler Collection, version 15.2.0",
      "install_id": "gcc-unwrapped",
      "license": "GPL-3.0-or-later",
      "locked_url": "https://github.com/flox/nixpkgs?rev=241313f4e8e508cb9b13278c2b0fa25b9ca27163",
      "name": "gcc-15.2.0",
      "pname": "gcc-unwrapped",
      "rev": "241313f4e8e508cb9b13278c2b0fa25b9ca27163",
      "rev_count": 1037713,
      "rev_date": "2026-07-19T21:52:44Z",
      "scrape_date": "2026-07-21T05:58:40.422094Z",
      "stabilities": [
        "unstable",
        "staging",
        "stable"
      ],
      "unfree": false,
      "version": "15.2.0",
      "outputs_to_install": [
        "man",
        "man",
        "out",
        "out",
        "out"
      ],
      "outputs": {
        "checksum": "/nix/store/hir2zbdr2kcl8qqyigfhxmsqd4y2h608-gcc-15.2.0-checksum",
        "info": "/nix/store/k47xnsg07pcksz62wxd4jz5c9zk0rvy2-gcc-15.2.0-info",
        "lib": "/nix/store/8lahnh9pn3lrrnhax5nk7ibvjcbjmnkm-gcc-15.2.0-lib",
        "libgcc": "/nix/store/wlj7fzgbchbxhd6hplwm2dwl15gizcn5-gcc-15.2.0-libgcc",
        "man": "/nix/store/6zirpfdk199mxk7r3dzxrj143ahd3qdi-gcc-15.2.0-man",
        "out": "/nix/store/0axpqqmj1rcanmm2i8vzpd8xxwkmq2jf-gcc-15.2.0"
      },
      "system": "x86_64-linux",
      "group": "toplevel",
      "priority": 5
    },
    {
      "attr_path": "go",
      "broken": false,
      "derivation": "/nix/store/bvd94hgv76ckwlzgjga880ripp4217xh-go-1.26.4.drv",
      "description": "Go Programming language",
      "install_id": "go",
      "license": "BSD-3-Clause",
      "locked_url": "https://github.com/flox/nixpkgs?rev=241313f4e8e508cb9b13278c2b0fa25b9ca27163",
      "name": "go-1.26.4",
      "pname": "go",
      "rev": "241313f4e8e508cb9b13278c2b0fa25b9ca27163",
      "rev_count": 1037713,
      "rev_date": "2026-07-19T21:52:44Z",
      "scrape_date": "2026-07-21T04:53:57.221939Z",
      "stabilities": [
        "unstable",
        "staging",
        "stable"
      ],
      "unfree": false,
      "version": "1.26.4",
      "outputs_to_install": [
        "out"
      ],
      "outputs": {
        "out": "/nix/store/38idfbqyw3p8xaslv6bnrig62pj7qy6i-go-1.26.4"
      },
      "system": "aarch64-darwin",
      "group": "toplevel",
      "priority": 5
    },
    {
      "attr_path": "go",
      "broken": false,
      "derivation": "/nix/store/36w4fxyz4yk48wjjks13aa9jbsxm7d2x-go-1.26.4.drv",
      "description": "Go Programming language",
      "install_id": "go",
      "license": "BSD-3-Clause",
      "locked_url": "https://github.com/flox/nixpkgs?rev=241313f4e8e508cb9b13278c2b0fa25b9ca27163",
      "name": "go-1.26.4",
      "pname": "go",
      "rev": "241313f4e8e508cb9b13278c2b0fa25b9ca27163",
      "rev_count": 1037713,
      "rev_date": "2026-07-19T21:52:44Z",
      "scrape_date": "2026-07-21T05:24:22.644936Z",
      "stabilities": [
        "unstable",
        "staging",
        "stable"
      ],
      "unfree": false,
      "version": "1.26.4",
      "outputs_to_install": [
        "out"
      ],
      "outputs": {
        "out": "/nix/store/z8b7c0h6g8dnv6vlxh7fha1d66krvgn9-go-1.26.4"
      },
      "system": "aarch64-linux",
      "group": "toplevel",
      "priority": 5
    },
    {
      "attr_path": "go",
      "broken": false,
      "derivation": "/nix/store/zg5cs1qx07lfgflyz3j6wj60grr1y6mk-go-1.26.4.drv",
      "description": "Go Programming language",
      "install_id": "go",
      "license": "BSD-3-Clause",
      "locked_url": "https://github.com/flox/nixpkgs?rev=241313f4e8e508cb9b13278c2b0fa25b9ca27163",
      "name": "go-1.26.4",
      "pname": "go",
      "rev": "241313f4e8e508cb9b13278c2b0fa25b9ca27163",
      "rev_count": 1037713,
      "rev_date": "2026-07-19T21:52:44Z",
      "scrape_date": "2026-07-21T05:58:41.359977Z",
      "stabilities": [
        "unstable",
        "staging",
        "stable"
      ],
      "unfree": false,
      "version": "1.26.4",
      "outputs_to_install": [
        "out"
      ],
      "outputs": {
        "out": "/nix/store/1xklj6dmgcpgz60c9w2ynaq7ynzfsrrq-go-1.26.4"
      },
      "system": "x86_64-linux",
      "group": "toplevel",
      "priority": 5
    },
    {
      "attr_path": "libffi",
      "broken": false,
      "derivation": "/nix/store/8cpm673hh9m0f8cl68lgwip6dihdi7kn-libffi-40.drv",
      "description": "Foreign function call interface library",
      "install_id": "libffi",
      "license": "MIT",
      "locked_url": "https://github.com/flox/nixpkgs?rev=241313f4e8e508cb9b13278c2b0fa25b9ca27163",
      "name": "libffi-40",
      "pname": "libffi",
      "rev": "241313f4e8e508cb9b13278c2b0fa25b9ca27163",
      "rev_count": 1037713,
      "rev_date": "2026-07-19T21:52:44Z",
      "scrape_date": "2026-07-21T04:54:15.521823Z",
      "stabilities": [
        "unstable",
        "staging",
        "stable"
      ],
      "unfree": false,
      "version": "40",
      "outputs_to_install": [
        "man",
        "out",
        "out",
        "out",
        "out",
        "out"
      ],
      "outputs": {
        "dev": "/nix/store/0l0jpnh6c003aifdjc5ygwf3fdpl3ppy-libffi-40-dev",
        "info": "/nix/store/slivrd5w7nri5asa27bxn471lqw7na4l-libffi-40-info",
        "man": "/nix/store/p2bjkysg84lkqfhbv9s2lbrv34iswyk6-libffi-40-man",
        "out": "/nix/store/y2rhq0l14jwy4s2bixj2z7v6ccs3wpm5-libffi-40"
      },
      "system": "aarch64-darwin",
      "group": "toplevel",
      "priority": 5
    },
    {
      "attr_path": "libffi",
      "broken": false,
      "derivation": "/nix/store/rg6q8xb83ff8yyl32amn32w8pmzpc31i-libffi-3.5.2.drv",
      "description": "Foreign function call interface library",
      "install_id": "libffi",
      "license": "MIT",
      "locked_url": "https://github.com/flox/nixpkgs?rev=241313f4e8e508cb9b13278c2b0fa25b9ca27163",
      "name": "libffi-3.5.2",
      "pname": "libffi",
      "rev": "241313f4e8e508cb9b13278c2b0fa25b9ca27163",
      "rev_count": 1037713,
      "rev_date": "2026-07-19T21:52:44Z",
      "scrape_date": "2026-07-21T05:24:46.662378Z",
      "stabilities": [
        "unstable",
        "staging",
        "stable"
      ],
      "unfree": false,
      "version": "3.5.2",
      "outputs_to_install": [
        "man",
        "out",
        "out",
        "out",
        "out"
      ],
      "outputs": {
        "dev": "/nix/store/8kz7phaii9q8xrqv4clmlc0b6qn7jyy4-libffi-3.5.2-dev",
        "info": "/nix/store/1ibsy9jkar9drm1shsnqvzd10sb81g34-libffi-3.5.2-info",
        "man": "/nix/store/4d3skd5pjb53ah9l0i1jgqyn0sbf9v0x-libffi-3.5.2-man",
        "out": "/nix/store/hsd0hhqqmpfbm7kcfj5hxg24d3w4vqkl-libffi-3.5.2"
      },
      "system": "aarch64-linux",
      "group": "toplevel",
      "priority": 5
    },
    {
      "attr_path": "libffi",
      "broken": false,
      "derivation": "/nix/store/qs02nl00530vvxn1b5s94cwlhfak478p-libffi-3.5.2.drv",
      "description": "Foreign function call interface library",
      "install_id": "libffi",
      "license": "MIT",
      "locked_url": "https://github.com/flox/nixpkgs?rev=241313f4e8e508cb9b13278c2b0fa25b9ca27163",
      "name": "libffi-3.5.2",
      "pname": "libffi",
      "rev": "241313f4e8e508cb9b13278c2b0fa25b9ca27163",
      "rev_count": 1037713,
      "rev_date": "2026-07-19T21:52:44Z",
      "scrape_date": "2026-07-21T05:59:05.132969Z",
      "stabilities": [
        "unstable",
        "staging",
        "stable"
      ],
      "unfree": false,
      "version": "3.5.2",
      "outputs_to_install": [
        "man",
        "out",
        "out",
        "out",
        "out",
        "out",
        "out"
      ],
      "outputs": {
        "dev": "/nix/store/nc23w8dz596nm467dwfdk6d8l3b52vxi-libffi-3.5.2-dev",
        "info": "/nix/store/qrnd4838x3sxb2yg6y1854yhizj33i13-libffi-3.5.2-info",
        "man": "/nix/store/v5gsizz3nwh45dpwvsv62jj5i5z67s2p-libffi-3.5.2-man",
        "out": "/nix/store/rkfkkdgwz8y31hk76i4b9s59h5raya9n-libffi-3.5.2"
      },
      "system": "x86_64-linux",
      "group": "toplevel",
      "priority": 5
    },
    {
      "attr_path": "python314",
      "broken": false,
      "derivation": "/nix/store/g7ma47ik6gvhbmarpf0x2lach7idb5jb-python3-3.14.6.drv",
      "description": "High-level dynamically-typed programming language",
      "install_id": "python314",
      "license": "Python-2.0",
      "locked_url": "https://github.com/flox/nixpkgs?rev=241313f4e8e508cb9b13278c2b0fa25b9ca27163",
      "name": "python3-3.14.6",
      "pname": "python314",
      "rev": "241313f4e8e508cb9b13278c2b0fa25b9ca27163",
      "rev_count": 1037713,
      "rev_date": "2026-07-19T21:52:44Z",
      "scrape_date": "2026-07-21T04:55:02.483158Z",
      "stabilities": [
        "unstable",
        "staging",
        "stable"
      ],
      "unfree": false,
      "version": "python3-3.14.6",
      "outputs_to_install": [
        "out",
        "out",
        "out",
        "out"
      ],
      "outputs": {
        "out": "/nix/store/llk2h8rxqzv7zh53bi413ffibjrxskxw-python3-3.14.6"
      },
      "system": "aarch64-darwin",
      "group": "toplevel",
      "priority": 5
    },
    {
      "attr_path": "python314",
      "broken": false,
      "derivation": "/nix/store/iaq01zvcd24rkqq81lj9z1pdv0wyhwn1-python3-3.14.6.drv",
      "description": "High-level dynamically-typed programming language",
      "install_id": "python314",
      "license": "Python-2.0",
      "locked_url": "https://github.com/flox/nixpkgs?rev=241313f4e8e508cb9b13278c2b0fa25b9ca27163",
      "name": "python3-3.14.6",
      "pname": "python314",
      "rev": "241313f4e8e508cb9b13278c2b0fa25b9ca27163",
      "rev_count": 1037713,
      "rev_date": "2026-07-19T21:52:44Z",
      "scrape_date": "2026-07-21T05:25:54.603401Z",
      "stabilities": [
        "unstable",
        "staging",
        "stable"
      ],
      "unfree": false,
      "version": "python3-3.14.6",
      "outputs_to_install": [
        "out",
        "out",
        "out",
        "out"
      ],
      "outputs": {
        "debug": "/nix/store/7im48a9vsiga2aakj2yp0h1gysaj9i82-python3-3.14.6-debug",
        "out": "/nix/store/sfbjq7mllid60l3jvxw0q2gknqldyy2l-python3-3.14.6"
      },
      "system": "aarch64-linux",
      "group": "toplevel",
      "priority": 5
    },
    {
      "attr_path": "python314",
      "broken": false,
      "derivation": "/nix/store/6fmq7bi1f7xwj7ns4prb2p1wd51bbci6-python3-3.14.6.drv",
      "description": "High-level dynamically-typed programming language",
      "install_id": "python314",
      "license": "Python-2.0",
      "locked_url": "https://github.com/flox/nixpkgs?rev=241313f4e8e508cb9b13278c2b0fa25b9ca27163",
      "name": "python3-3.14.6",
      "pname": "python314",
      "rev": "241313f4e8e508cb9b13278c2b0fa25b9ca27163",
      "rev_count": 1037713,
      "rev_date": "2026-07-19T21:52:44Z",
      "scrape_date": "2026-07-21T06:00:11.937276Z",
      "stabilities": [
        "unstable",
        "staging",
        "stable"
      ],
      "unfree": false,
      "version": "python3-3.14.6",
      "outputs_to_install": [
        "out",
        "out",
        "out",
        "out",
        "out"
      ],
      "outputs": {
        "debug": "/nix/store/3rijnyq05g03qr16srb10fq7gv2hxwzh-python3-3.14.6-debug",
        "out": "/nix/store/jxyrvv4gbpnp3ap5iy7wxwl1sg4x2x88-python3-3.14.6"
      },
      "system": "x86_64-linux",
      "group": "toplevel",
      "priority": 5
    },
    {
      "attr_path": "uv",
      "broken": false,
      "derivation": "/nix/store/3qyq2z9jw76a3jq51c80ff7rnlwnci0x-uv-0.11.28.drv",
      "description": "Extremely fast Python package installer and resolver, written in Rust",
      "install_id": "uv",
      "license": "[ Apache-2.0, MIT ]",
      "locked_url": "https://github.com/flox/nixpkgs?rev=241313f4e8e508cb9b13278c2b0fa25b9ca27163",
      "name": "uv-0.11.28",
      "pname": "uv",
      "rev": "241313f4e8e508cb9b13278c2b0fa25b9ca27163",
      "rev_count": 1037713,
      "rev_date": "2026-07-19T21:52:44Z",
      "scrape_date": "2026-07-21T04:56:43.969764Z",
      "stabilities": [
        "unstable",
        "staging",
        "stable"
      ],
      "unfree": false,
      "version": "0.11.28",
      "outputs_to_install": [
        "out"
      ],
      "outputs": {
        "out": "/nix/store/bfa05ywgyykfd0z0wzf0xri95yv2gyv0-uv-0.11.28"
      },
      "system": "aarch64-darwin",
      "group": "toplevel",
      "priority": 5
    },
    {
      "attr_path": "uv",
      "broken": false,
      "derivation": "/nix/store/4fyjccw37g62pbq344swm0v6f3a8vkwp-uv-0.11.28.drv",
      "description": "Extremely fast Python package installer and resolver, written in Rust",
      "install_id": "uv",
      "license": "[ Apache-2.0, MIT ]",
      "locked_url": "https://github.com/flox/nixpkgs?rev=241313f4e8e508cb9b13278c2b0fa25b9ca27163",
      "name": "uv-0.11.28",
      "pname": "uv",
      "rev": "241313f4e8e508cb9b13278c2b0fa25b9ca27163",
      "rev_count": 1037713,
      "rev_date": "2026-07-19T21:52:44Z",
      "scrape_date": "2026-07-21T05:28:13.466653Z",
      "stabilities": [
        "unstable",
        "staging",
        "stable"
      ],
      "unfree": false,
      "version": "0.11.28",
      "outputs_to_install": [
        "out"
      ],
      "outputs": {
        "out": "/nix/store/7sr24yhd66q7xs9x84rrfvqp6396gl73-uv-0.11.28"
      },
      "system": "aarch64-linux",
      "group": "toplevel",
      "priority": 5
    },
    {
      "attr_path": "uv",
      "broken": false,
      "derivation": "/nix/store/ajwf5l6q8bzikp7rrsqjk935qfcixcrg-uv-0.11.28.drv",
      "description": "Extremely fast Python package installer and resolver, written in Rust",
      "install_id": "uv",
      "license": "[ Apache-2.0, MIT ]",
      "locked_url": "https://github.com/flox/nixpkgs?rev=241313f4e8e508cb9b13278c2b0fa25b9ca27163",
      "name": "uv-0.11.28",
      "pname": "uv",
      "rev": "241313f4e8e508cb9b13278c2b0fa25b9ca27163",
      "rev_count": 1037713,
      "rev_date": "2026-07-19T21:52:44Z",
      "scrape_date": "2026-07-21T06:02:21.576755Z",
      "stabilities": [
        "unstable",
        "staging",
        "stable"
      ],
      "unfree": false,
      "version": "0.11.28",
      "outputs_to_install": [
        "out"
      ],
      "outputs": {
        "out": "/nix/store/isixf7b2qfyw6qbrr8bq2j8zdn7ij9pr-uv-0.11.28"
      },
      "system": "x86_64-linux",
      "group": "toplevel",
      "priority": 5
    }
  ]
}
