{
  "lockfile-version": 1,
  "manifest": {
    "schema-version": "1.11.0",
    "install": {
      "buf": {
        "pkg-path": "buf"
      },
      "cargo": {
        "pkg-path": "cargo"
      },
      "clippy": {
        "pkg-path": "clippy"
      },
      "gcc-unwrapped": {
        "pkg-path": "gcc-unwrapped",
        "outputs": [
          "lib"
        ]
      },
      "go": {
        "pkg-path": "go"
      },
      "libffi": {
        "pkg-path": "libffi"
      },
      "python313": {
        "pkg-path": "python313"
      },
      "rustc": {
        "pkg-path": "rustc"
      },
      "rustfmt": {
        "pkg-path": "rustfmt"
      },
      "uv": {
        "pkg-path": "uv"
      }
    },
    "vars": {
      "UV_PYTHON_DOWNLOADS": "never"
    },
    "hook": {
      "on-activate": "  export UV_PYTHON=\"$(command -v python3.13)\"\n"
    },
    "options": {}
  },
  "packages": [
    {
      "attr_path": "buf",
      "broken": false,
      "derivation": "/nix/store/s35rxbks4z74iap6pcsbnfz1yd8fzjwq-buf-1.68.4.drv",
      "description": "Create consistent Protobuf APIs that preserve compatibility and comply with design best-practices",
      "install_id": "buf",
      "license": "Apache-2.0",
      "locked_url": "https://github.com/flox/nixpkgs?rev=1c3fe55ad329cbcb28471bb30f05c9827f724c76",
      "name": "buf-1.68.4",
      "pname": "buf",
      "rev": "1c3fe55ad329cbcb28471bb30f05c9827f724c76",
      "rev_count": 987561,
      "rev_date": "2026-04-27T05:36:01Z",
      "scrape_date": "2026-04-29T19:52:27.002353Z",
      "stabilities": [
        "unstable",
        "staging"
      ],
      "unfree": false,
      "version": "1.68.4",
      "outputs_to_install": [
        "out"
      ],
      "outputs": {
        "out": "/nix/store/7l5bivywzp0kx0dz8nm56hqf59mijzrv-buf-1.68.4"
      },
      "system": "aarch64-darwin",
      "group": "toplevel",
      "priority": 5
    },
    {
      "attr_path": "buf",
      "broken": false,
      "derivation": "/nix/store/jjmfd3czqhpb4h0i877fakcjv9yj9pyi-buf-1.68.4.drv",
      "description": "Create consistent Protobuf APIs that preserve compatibility and comply with design best-practices",
      "install_id": "buf",
      "license": "Apache-2.0",
      "locked_url": "https://github.com/flox/nixpkgs?rev=1c3fe55ad329cbcb28471bb30f05c9827f724c76",
      "name": "buf-1.68.4",
      "pname": "buf",
      "rev": "1c3fe55ad329cbcb28471bb30f05c9827f724c76",
      "rev_count": 987561,
      "rev_date": "2026-04-27T05:36:01Z",
      "scrape_date": "2026-04-29T20:42:17.208323Z",
      "stabilities": [
        "unstable",
        "staging"
      ],
      "unfree": false,
      "version": "1.68.4",
      "outputs_to_install": [
        "out"
      ],
      "outputs": {
        "out": "/nix/store/3lillhgps7ksqi17xmgb1bdvjwlj03g5-buf-1.68.4"
      },
      "system": "aarch64-linux",
      "group": "toplevel",
      "priority": 5
    },
    {
      "attr_path": "buf",
      "broken": false,
      "derivation": "/nix/store/hrz2dmihsq8rgp40kdka5afgxjblz434-buf-1.68.4.drv",
      "description": "Create consistent Protobuf APIs that preserve compatibility and comply with design best-practices",
      "install_id": "buf",
      "license": "Apache-2.0",
      "locked_url": "https://github.com/flox/nixpkgs?rev=1c3fe55ad329cbcb28471bb30f05c9827f724c76",
      "name": "buf-1.68.4",
      "pname": "buf",
      "rev": "1c3fe55ad329cbcb28471bb30f05c9827f724c76",
      "rev_count": 987561,
      "rev_date": "2026-04-27T05:36:01Z",
      "scrape_date": "2026-04-29T21:54:32.162781Z",
      "stabilities": [
        "unstable",
        "staging"
      ],
      "unfree": false,
      "version": "1.68.4",
      "outputs_to_install": [
        "out"
      ],
      "outputs": {
        "out": "/nix/store/x8kki1gbcsv39d84y09gx5zsz2r34vw9-buf-1.68.4"
      },
      "system": "x86_64-darwin",
      "group": "toplevel",
      "priority": 5
    },
    {
      "attr_path": "buf",
      "broken": false,
      "derivation": "/nix/store/w4mdqhivbf3n5gkk79zqid1jd576fns9-buf-1.68.4.drv",
      "description": "Create consistent Protobuf APIs that preserve compatibility and comply with design best-practices",
      "install_id": "buf",
      "license": "Apache-2.0",
      "locked_url": "https://github.com/flox/nixpkgs?rev=1c3fe55ad329cbcb28471bb30f05c9827f724c76",
      "name": "buf-1.68.4",
      "pname": "buf",
      "rev": "1c3fe55ad329cbcb28471bb30f05c9827f724c76",
      "rev_count": 987561,
      "rev_date": "2026-04-27T05:36:01Z",
      "scrape_date": "2026-04-29T23:09:57.003240Z",
      "stabilities": [
        "unstable",
        "staging"
      ],
      "unfree": false,
      "version": "1.68.4",
      "outputs_to_install": [
        "out"
      ],
      "outputs": {
        "out": "/nix/store/73chfh1km75bghda0wr6gj7w12l79gwq-buf-1.68.4"
      },
      "system": "x86_64-linux",
      "group": "toplevel",
      "priority": 5
    },
    {
      "attr_path": "cargo",
      "broken": false,
      "derivation": "/nix/store/mhfz9lksz7j42p6p12qf01jvhxkza56b-cargo-1.94.1.drv",
      "description": "Downloads your Rust project's dependencies and builds your project",
      "install_id": "cargo",
      "license": "[ MIT, Apache-2.0 ]",
      "locked_url": "https://github.com/flox/nixpkgs?rev=1c3fe55ad329cbcb28471bb30f05c9827f724c76",
      "name": "cargo-1.94.1",
      "pname": "cargo",
      "rev": "1c3fe55ad329cbcb28471bb30f05c9827f724c76",
      "rev_count": 987561,
      "rev_date": "2026-04-27T05:36:01Z",
      "scrape_date": "2026-04-29T19:52:27.031698Z",
      "stabilities": [
        "unstable",
        "staging"
      ],
      "unfree": false,
      "version": "1.94.1",
      "outputs_to_install": [
        "out"
      ],
      "outputs": {
        "out": "/nix/store/mlrgd5zljyrxl15ryn31w15w48f6yii5-cargo-1.94.1"
      },
      "system": "aarch64-darwin",
      "group": "toplevel",
      "priority": 5
    },
    {
      "attr_path": "cargo",
      "broken": false,
      "derivation": "/nix/store/6bfplk5v76lnh4hi247n3hpkdn6wmvd2-cargo-1.94.1.drv",
      "description": "Downloads your Rust project's dependencies and builds your project",
      "install_id": "cargo",
      "license": "[ MIT, Apache-2.0 ]",
      "locked_url": "https://github.com/flox/nixpkgs?rev=1c3fe55ad329cbcb28471bb30f05c9827f724c76",
      "name": "cargo-1.94.1",
      "pname": "cargo",
      "rev": "1c3fe55ad329cbcb28471bb30f05c9827f724c76",
      "rev_count": 987561,
      "rev_date": "2026-04-27T05:36:01Z",
      "scrape_date": "2026-04-29T20:42:17.248815Z",
      "stabilities": [
        "unstable",
        "staging"
      ],
      "unfree": false,
      "version": "1.94.1",
      "outputs_to_install": [
        "out"
      ],
      "outputs": {
        "out": "/nix/store/fvmmpmsik6551c334wgvx8smifj2fibf-cargo-1.94.1"
      },
      "system": "aarch64-linux",
      "group": "toplevel",
      "priority": 5
    },
    {
      "attr_path": "cargo",
      "broken": false,
      "derivation": "/nix/store/a1c18rdz7lv7ljs5di5pc0qjv4c54jcl-cargo-1.94.1.drv",
      "description": "Downloads your Rust project's dependencies and builds your project",
      "install_id": "cargo",
      "license": "[ MIT, Apache-2.0 ]",
      "locked_url": "https://github.com/flox/nixpkgs?rev=1c3fe55ad329cbcb28471bb30f05c9827f724c76",
      "name": "cargo-1.94.1",
      "pname": "cargo",
      "rev": "1c3fe55ad329cbcb28471bb30f05c9827f724c76",
      "rev_count": 987561,
      "rev_date": "2026-04-27T05:36:01Z",
      "scrape_date": "2026-04-29T21:54:32.188268Z",
      "stabilities": [
        "unstable",
        "staging"
      ],
      "unfree": false,
      "version": "1.94.1",
      "outputs_to_install": [
        "out"
      ],
      "outputs": {
        "out": "/nix/store/10bhh3gsrw2xfg3fr53pip6rdzcz2sfp-cargo-1.94.1"
      },
      "system": "x86_64-darwin",
      "group": "toplevel",
      "priority": 5
    },
    {
      "attr_path": "cargo",
      "broken": false,
      "derivation": "/nix/store/c9l4gcfchsfff7xgn5a5b258jdlncpwk-cargo-1.94.1.drv",
      "description": "Downloads your Rust project's dependencies and builds your project",
      "install_id": "cargo",
      "license": "[ MIT, Apache-2.0 ]",
      "locked_url": "https://github.com/flox/nixpkgs?rev=1c3fe55ad329cbcb28471bb30f05c9827f724c76",
      "name": "cargo-1.94.1",
      "pname": "cargo",
      "rev": "1c3fe55ad329cbcb28471bb30f05c9827f724c76",
      "rev_count": 987561,
      "rev_date": "2026-04-27T05:36:01Z",
      "scrape_date": "2026-04-29T23:09:57.048412Z",
      "stabilities": [
        "unstable",
        "staging"
      ],
      "unfree": false,
      "version": "1.94.1",
      "outputs_to_install": [
        "out"
      ],
      "outputs": {
        "out": "/nix/store/z382dzkk7snk51ka6n4f3b953dcdm8fc-cargo-1.94.1"
      },
      "system": "x86_64-linux",
      "group": "toplevel",
      "priority": 5
    },
    {
      "attr_path": "clippy",
      "broken": false,
      "derivation": "/nix/store/v4nlcfsnm4hgb5bk5anhm5m6mgb7rky5-clippy-1.94.1.drv",
      "description": "Bunch of lints to catch common mistakes and improve your Rust code",
      "install_id": "clippy",
      "license": "[ MIT, Apache-2.0 ]",
      "locked_url": "https://github.com/flox/nixpkgs?rev=1c3fe55ad329cbcb28471bb30f05c9827f724c76",
      "name": "clippy-1.94.1",
      "pname": "clippy",
      "rev": "1c3fe55ad329cbcb28471bb30f05c9827f724c76",
      "rev_count": 987561,
      "rev_date": "2026-04-27T05:36:01Z",
      "scrape_date": "2026-04-29T19:52:27.230454Z",
      "stabilities": [
        "unstable",
        "staging"
      ],
      "unfree": false,
      "version": "1.94.1",
      "outputs_to_install": [
        "out"
      ],
      "outputs": {
        "out": "/nix/store/z9jrilf49s8prkiicxlfapbi6hj9dz03-clippy-1.94.1"
      },
      "system": "aarch64-darwin",
      "group": "toplevel",
      "priority": 5
    },
    {
      "attr_path": "clippy",
      "broken": false,
      "derivation": "/nix/store/3z09y3m9np8c146bqzkrks87dcaczlp4-clippy-1.94.1.drv",
      "description": "Bunch of lints to catch common mistakes and improve your Rust code",
      "install_id": "clippy",
      "license": "[ MIT, Apache-2.0 ]",
      "locked_url": "https://github.com/flox/nixpkgs?rev=1c3fe55ad329cbcb28471bb30f05c9827f724c76",
      "name": "clippy-1.94.1",
      "pname": "clippy",
      "rev": "1c3fe55ad329cbcb28471bb30f05c9827f724c76",
      "rev_count": 987561,
      "rev_date": "2026-04-27T05:36:01Z",
      "scrape_date": "2026-04-29T20:42:17.483069Z",
      "stabilities": [
        "unstable",
        "staging"
      ],
      "unfree": false,
      "version": "1.94.1",
      "outputs_to_install": [
        "out"
      ],
      "outputs": {
        "debug": "/nix/store/svpaxsn34mgdzhgyrgdvw68fl14g1s8x-clippy-1.94.1-debug",
        "out": "/nix/store/0ag0s1wxh9l5fldh6j0318qpmzy7sn5r-clippy-1.94.1"
      },
      "system": "aarch64-linux",
      "group": "toplevel",
      "priority": 5
    },
    {
      "attr_path": "clippy",
      "broken": false,
      "derivation": "/nix/store/llmw9bxfgnidg9k3v97iplml2pba090r-clippy-1.94.1.drv",
      "description": "Bunch of lints to catch common mistakes and improve your Rust code",
      "install_id": "clippy",
      "license": "[ MIT, Apache-2.0 ]",
      "locked_url": "https://github.com/flox/nixpkgs?rev=1c3fe55ad329cbcb28471bb30f05c9827f724c76",
      "name": "clippy-1.94.1",
      "pname": "clippy",
      "rev": "1c3fe55ad329cbcb28471bb30f05c9827f724c76",
      "rev_count": 987561,
      "rev_date": "2026-04-27T05:36:01Z",
      "scrape_date": "2026-04-29T21:54:32.379341Z",
      "stabilities": [
        "unstable",
        "staging"
      ],
      "unfree": false,
      "version": "1.94.1",
      "outputs_to_install": [
        "out"
      ],
      "outputs": {
        "out": "/nix/store/874dlfzia6nhc8f9iwqnh8cg79ga3rw4-clippy-1.94.1"
      },
      "system": "x86_64-darwin",
      "group": "toplevel",
      "priority": 5
    },
    {
      "attr_path": "clippy",
      "broken": false,
      "derivation": "/nix/store/8ywplcds2ark9vaq3804hc6zskird1c4-clippy-1.94.1.drv",
      "description": "Bunch of lints to catch common mistakes and improve your Rust code",
      "install_id": "clippy",
      "license": "[ MIT, Apache-2.0 ]",
      "locked_url": "https://github.com/flox/nixpkgs?rev=1c3fe55ad329cbcb28471bb30f05c9827f724c76",
      "name": "clippy-1.94.1",
      "pname": "clippy",
      "rev": "1c3fe55ad329cbcb28471bb30f05c9827f724c76",
      "rev_count": 987561,
      "rev_date": "2026-04-27T05:36:01Z",
      "scrape_date": "2026-04-29T23:09:57.311137Z",
      "stabilities": [
        "unstable",
        "staging"
      ],
      "unfree": false,
      "version": "1.94.1",
      "outputs_to_install": [
        "out"
      ],
      "outputs": {
        "debug": "/nix/store/2970l2zp3wwb361mabagg9gfgnwkn9s2-clippy-1.94.1-debug",
        "out": "/nix/store/wavkh1sj2fb7cclydhj1q15k7dcha91x-clippy-1.94.1"
      },
      "system": "x86_64-linux",
      "group": "toplevel",
      "priority": 5
    },
    {
      "attr_path": "gcc-unwrapped",
      "broken": false,
      "derivation": "/nix/store/5zf4w4zgky1knz9gcq77vip1nlz32kzf-gcc-15.2.0.drv",
      "description": "GNU Compiler Collection, version 15.2.0",
      "install_id": "gcc-unwrapped",
      "license": "GPL-3.0-or-later",
      "locked_url": "https://github.com/flox/nixpkgs?rev=1c3fe55ad329cbcb28471bb30f05c9827f724c76",
      "name": "gcc-15.2.0",
      "pname": "gcc-unwrapped",
      "rev": "1c3fe55ad329cbcb28471bb30f05c9827f724c76",
      "rev_count": 987561,
      "rev_date": "2026-04-27T05:36:01Z",
      "scrape_date": "2026-04-29T19:52:28.015807Z",
      "stabilities": [
        "unstable",
        "staging"
      ],
      "unfree": false,
      "version": "15.2.0",
      "outputs_to_install": [
        "man",
        "out"
      ],
      "outputs": {
        "info": "/nix/store/havps1q8020ipprln02ybkkm6wykizxd-gcc-15.2.0-info",
        "lib": "/nix/store/bv65z30cmflaybvgbvl1rlsp16j0pdjj-gcc-15.2.0-lib",
        "man": "/nix/store/9krq23y9aq4xms2brckafpzvq1qnssrs-gcc-15.2.0-man",
        "out": "/nix/store/gf7qyg4b8x6ighvjbw9fvyqm9379w34i-gcc-15.2.0"
      },
      "system": "aarch64-darwin",
      "group": "toplevel",
      "priority": 5
    },
    {
      "attr_path": "gcc-unwrapped",
      "broken": false,
      "derivation": "/nix/store/y8x6w0bg7zkvam1asifr2fk9nwgh2x81-gcc-15.2.0.drv",
      "description": "GNU Compiler Collection, version 15.2.0",
      "install_id": "gcc-unwrapped",
      "license": "GPL-3.0-or-later",
      "locked_url": "https://github.com/flox/nixpkgs?rev=1c3fe55ad329cbcb28471bb30f05c9827f724c76",
      "name": "gcc-15.2.0",
      "pname": "gcc-unwrapped",
      "rev": "1c3fe55ad329cbcb28471bb30f05c9827f724c76",
      "rev_count": 987561,
      "rev_date": "2026-04-27T05:36:01Z",
      "scrape_date": "2026-04-29T20:42:18.719186Z",
      "stabilities": [
        "unstable",
        "staging"
      ],
      "unfree": false,
      "version": "15.2.0",
      "outputs_to_install": [
        "man",
        "out",
        "out"
      ],
      "outputs": {
        "checksum": "/nix/store/xa8wi7ch1xqf8siii7f4yb6nwaq9rpmh-gcc-15.2.0-checksum",
        "info": "/nix/store/zdxjj2nhr9iki7r3flg3m50v4pallz0k-gcc-15.2.0-info",
        "lib": "/nix/store/dcb4bsy8fcn51bw0qp3vwx8q0rzpghd5-gcc-15.2.0-lib",
        "libgcc": "/nix/store/zf1nv5bf9nc9fbbiqq8z9sxjak1272l1-gcc-15.2.0-libgcc",
        "man": "/nix/store/rz1xd2n9sw9sxccvx6pwaig8sx8cqggs-gcc-15.2.0-man",
        "out": "/nix/store/r1y7h8ln5hdlrwzcyysih7vxqnwralj1-gcc-15.2.0"
      },
      "system": "aarch64-linux",
      "group": "toplevel",
      "priority": 5
    },
    {
      "attr_path": "gcc-unwrapped",
      "broken": false,
      "derivation": "/nix/store/mrmb7n6ifzjkxjacd38qdpgyhbknnhd6-gcc-15.2.0.drv",
      "description": "GNU Compiler Collection, version 15.2.0",
      "install_id": "gcc-unwrapped",
      "license": "GPL-3.0-or-later",
      "locked_url": "https://github.com/flox/nixpkgs?rev=1c3fe55ad329cbcb28471bb30f05c9827f724c76",
      "name": "gcc-15.2.0",
      "pname": "gcc-unwrapped",
      "rev": "1c3fe55ad329cbcb28471bb30f05c9827f724c76",
      "rev_count": 987561,
      "rev_date": "2026-04-27T05:36:01Z",
      "scrape_date": "2026-04-29T21:54:33.148236Z",
      "stabilities": [
        "unstable",
        "staging"
      ],
      "unfree": false,
      "version": "15.2.0",
      "outputs_to_install": [
        "man",
        "out"
      ],
      "outputs": {
        "info": "/nix/store/cij0x5lzi3iv6g5crjpcqw565d0gnrj3-gcc-15.2.0-info",
        "lib": "/nix/store/5pn480mnhigbgklzf959q24c8347py5y-gcc-15.2.0-lib",
        "man": "/nix/store/8w2c1iydm7q49c9vbq3k6rdjb9z7nfzh-gcc-15.2.0-man",
        "out": "/nix/store/cmkmqlhyvkyajr31yacsbzp6h1gppx0l-gcc-15.2.0"
      },
      "system": "x86_64-darwin",
      "group": "toplevel",
      "priority": 5
    },
    {
      "attr_path": "gcc-unwrapped",
      "broken": false,
      "derivation": "/nix/store/5lq941plvcnx8h4zpdrn3fqgsw8bg4l1-gcc-15.2.0.drv",
      "description": "GNU Compiler Collection, version 15.2.0",
      "install_id": "gcc-unwrapped",
      "license": "GPL-3.0-or-later",
      "locked_url": "https://github.com/flox/nixpkgs?rev=1c3fe55ad329cbcb28471bb30f05c9827f724c76",
      "name": "gcc-15.2.0",
      "pname": "gcc-unwrapped",
      "rev": "1c3fe55ad329cbcb28471bb30f05c9827f724c76",
      "rev_count": 987561,
      "rev_date": "2026-04-27T05:36:01Z",
      "scrape_date": "2026-04-29T23:09:58.595586Z",
      "stabilities": [
        "unstable",
        "staging"
      ],
      "unfree": false,
      "version": "15.2.0",
      "outputs_to_install": [
        "man",
        "out",
        "out"
      ],
      "outputs": {
        "checksum": "/nix/store/nabdhfjbfiraqiphlrmncnyi60hh0jm9-gcc-15.2.0-checksum",
        "info": "/nix/store/40szayza7cn59akq967zkaxll8ff63dx-gcc-15.2.0-info",
        "lib": "/nix/store/si4q3zks5mn5jhzzyri9hhd3cv789vlm-gcc-15.2.0-lib",
        "libgcc": "/nix/store/wrxyd3k2f4bmh52pr5rpdjxxsm5r2qxm-gcc-15.2.0-libgcc",
        "man": "/nix/store/i2vb046l4bgvbbsxc00wigdi47z4a2j2-gcc-15.2.0-man",
        "out": "/nix/store/sanx9fg8mry8mq92zhlm5qvb83qlxrlx-gcc-15.2.0"
      },
      "system": "x86_64-linux",
      "group": "toplevel",
      "priority": 5
    },
    {
      "attr_path": "go",
      "broken": false,
      "derivation": "/nix/store/97qfa61h35q0nqppixvxknsq6wj612gv-go-1.26.2.drv",
      "description": "Go Programming language",
      "install_id": "go",
      "license": "BSD-3-Clause",
      "locked_url": "https://github.com/flox/nixpkgs?rev=1c3fe55ad329cbcb28471bb30f05c9827f724c76",
      "name": "go-1.26.2",
      "pname": "go",
      "rev": "1c3fe55ad329cbcb28471bb30f05c9827f724c76",
      "rev_count": 987561,
      "rev_date": "2026-04-27T05:36:01Z",
      "scrape_date": "2026-04-29T19:52:28.261827Z",
      "stabilities": [
        "unstable",
        "staging"
      ],
      "unfree": false,
      "version": "1.26.2",
      "outputs_to_install": [
        "out",
        "out"
      ],
      "outputs": {
        "out": "/nix/store/fkzywh7rg8lg1n2p0r161iqjwhz540wx-go-1.26.2"
      },
      "system": "aarch64-darwin",
      "group": "toplevel",
      "priority": 5
    },
    {
      "attr_path": "go",
      "broken": false,
      "derivation": "/nix/store/79wmlk24kqdnxmpj5l833ib2fsxpwca0-go-1.26.2.drv",
      "description": "Go Programming language",
      "install_id": "go",
      "license": "BSD-3-Clause",
      "locked_url": "https://github.com/flox/nixpkgs?rev=1c3fe55ad329cbcb28471bb30f05c9827f724c76",
      "name": "go-1.26.2",
      "pname": "go",
      "rev": "1c3fe55ad329cbcb28471bb30f05c9827f724c76",
      "rev_count": 987561,
      "rev_date": "2026-04-27T05:36:01Z",
      "scrape_date": "2026-04-29T20:42:19.553339Z",
      "stabilities": [
        "unstable",
        "staging"
      ],
      "unfree": false,
      "version": "1.26.2",
      "outputs_to_install": [
        "out",
        "out"
      ],
      "outputs": {
        "out": "/nix/store/w4i7p78y3735jcy69sk4lcy9zyxr0cav-go-1.26.2"
      },
      "system": "aarch64-linux",
      "group": "toplevel",
      "priority": 5
    },
    {
      "attr_path": "go",
      "broken": false,
      "derivation": "/nix/store/7f579nxnclv9nql5z2d5g2qyv7zfdl16-go-1.26.2.drv",
      "description": "Go Programming language",
      "install_id": "go",
      "license": "BSD-3-Clause",
      "locked_url": "https://github.com/flox/nixpkgs?rev=1c3fe55ad329cbcb28471bb30f05c9827f724c76",
      "name": "go-1.26.2",
      "pname": "go",
      "rev": "1c3fe55ad329cbcb28471bb30f05c9827f724c76",
      "rev_count": 987561,
      "rev_date": "2026-04-27T05:36:01Z",
      "scrape_date": "2026-04-29T21:54:33.388512Z",
      "stabilities": [
        "unstable",
        "staging"
      ],
      "unfree": false,
      "version": "1.26.2",
      "outputs_to_install": [
        "out"
      ],
      "outputs": {
        "out": "/nix/store/g0b45l45nlb1kqiywzja7fh49yn7lla5-go-1.26.2"
      },
      "system": "x86_64-darwin",
      "group": "toplevel",
      "priority": 5
    },
    {
      "attr_path": "go",
      "broken": false,
      "derivation": "/nix/store/5a501r66jxszbpw9af1q1a5z3rnrcmfs-go-1.26.2.drv",
      "description": "Go Programming language",
      "install_id": "go",
      "license": "BSD-3-Clause",
      "locked_url": "https://github.com/flox/nixpkgs?rev=1c3fe55ad329cbcb28471bb30f05c9827f724c76",
      "name": "go-1.26.2",
      "pname": "go",
      "rev": "1c3fe55ad329cbcb28471bb30f05c9827f724c76",
      "rev_count": 987561,
      "rev_date": "2026-04-27T05:36:01Z",
      "scrape_date": "2026-04-29T23:09:59.457853Z",
      "stabilities": [
        "unstable",
        "staging"
      ],
      "unfree": false,
      "version": "1.26.2",
      "outputs_to_install": [
        "out"
      ],
      "outputs": {
        "out": "/nix/store/dimnagks1qsp7180yw74z0npp7z2ihs3-go-1.26.2"
      },
      "system": "x86_64-linux",
      "group": "toplevel",
      "priority": 5
    },
    {
      "attr_path": "libffi",
      "broken": false,
      "derivation": "/nix/store/cm48sa3j1a2zanbc01xmjk3ka59x8z9v-libffi-40.drv",
      "description": "Foreign function call interface library",
      "install_id": "libffi",
      "license": "MIT",
      "locked_url": "https://github.com/flox/nixpkgs?rev=1c3fe55ad329cbcb28471bb30f05c9827f724c76",
      "name": "libffi-40",
      "pname": "libffi",
      "rev": "1c3fe55ad329cbcb28471bb30f05c9827f724c76",
      "rev_count": 987561,
      "rev_date": "2026-04-27T05:36:01Z",
      "scrape_date": "2026-04-29T19:52:45.890125Z",
      "stabilities": [
        "unstable",
        "staging"
      ],
      "unfree": false,
      "version": "40",
      "outputs_to_install": [
        "man",
        "out",
        "out"
      ],
      "outputs": {
        "dev": "/nix/store/89chwnfifq090qsnq6fmy8pcqypbpry8-libffi-40-dev",
        "info": "/nix/store/qk0y70zdx46f34q015izx0anfhpnrw40-libffi-40-info",
        "man": "/nix/store/2g4yihcrqlncd6b9j81zya4xyqzzr7br-libffi-40-man",
        "out": "/nix/store/x23jq8vm649pchhxdsdhyrwiqpa9q2ig-libffi-40"
      },
      "system": "aarch64-darwin",
      "group": "toplevel",
      "priority": 5
    },
    {
      "attr_path": "libffi",
      "broken": false,
      "derivation": "/nix/store/9zl8ccq2vbivmhmhy19k8h6b2g69g6d2-libffi-3.5.2.drv",
      "description": "Foreign function call interface library",
      "install_id": "libffi",
      "license": "MIT",
      "locked_url": "https://github.com/flox/nixpkgs?rev=1c3fe55ad329cbcb28471bb30f05c9827f724c76",
      "name": "libffi-3.5.2",
      "pname": "libffi",
      "rev": "1c3fe55ad329cbcb28471bb30f05c9827f724c76",
      "rev_count": 987561,
      "rev_date": "2026-04-27T05:36:01Z",
      "scrape_date": "2026-04-29T20:42:41.586220Z",
      "stabilities": [
        "unstable",
        "staging"
      ],
      "unfree": false,
      "version": "3.5.2",
      "outputs_to_install": [
        "man",
        "out",
        "out",
        "out",
        "out"
      ],
      "outputs": {
        "dev": "/nix/store/bp8lkgb53k3cs3xy1jy1ramsfdm9zhrz-libffi-3.5.2-dev",
        "info": "/nix/store/gcqgdlcc0yapdapwcbsi9xb9mlqiyg0k-libffi-3.5.2-info",
        "man": "/nix/store/8sp6is9zz21z42d4jdflv7504jr016gx-libffi-3.5.2-man",
        "out": "/nix/store/3g7y1xc7spad3j0wyv2y9w834cziiq0v-libffi-3.5.2"
      },
      "system": "aarch64-linux",
      "group": "toplevel",
      "priority": 5
    },
    {
      "attr_path": "libffi",
      "broken": false,
      "derivation": "/nix/store/02xvcw0i0p197lnr9yhmp95m56lwrgxr-libffi-40.drv",
      "description": "Foreign function call interface library",
      "install_id": "libffi",
      "license": "MIT",
      "locked_url": "https://github.com/flox/nixpkgs?rev=1c3fe55ad329cbcb28471bb30f05c9827f724c76",
      "name": "libffi-40",
      "pname": "libffi",
      "rev": "1c3fe55ad329cbcb28471bb30f05c9827f724c76",
      "rev_count": 987561,
      "rev_date": "2026-04-27T05:36:01Z",
      "scrape_date": "2026-04-29T21:54:50.848425Z",
      "stabilities": [
        "unstable",
        "staging"
      ],
      "unfree": false,
      "version": "40",
      "outputs_to_install": [
        "man",
        "out",
        "out"
      ],
      "outputs": {
        "dev": "/nix/store/0p175zdb6gxjnxps1bbkxkj4qdfcy5hy-libffi-40-dev",
        "info": "/nix/store/3jkhi367c6m10l6a5llnhf8snd5x9522-libffi-40-info",
        "man": "/nix/store/xrsxdsl5wjysn9jbss9092drddrmj75k-libffi-40-man",
        "out": "/nix/store/mhbfhwgfy5fy8ar1njn30v5510lgf76v-libffi-40"
      },
      "system": "x86_64-darwin",
      "group": "toplevel",
      "priority": 5
    },
    {
      "attr_path": "libffi",
      "broken": false,
      "derivation": "/nix/store/1ma1hnn24gfzjsq1n4jjcaf6bv48g1b7-libffi-3.5.2.drv",
      "description": "Foreign function call interface library",
      "install_id": "libffi",
      "license": "MIT",
      "locked_url": "https://github.com/flox/nixpkgs?rev=1c3fe55ad329cbcb28471bb30f05c9827f724c76",
      "name": "libffi-3.5.2",
      "pname": "libffi",
      "rev": "1c3fe55ad329cbcb28471bb30f05c9827f724c76",
      "rev_count": 987561,
      "rev_date": "2026-04-27T05:36:01Z",
      "scrape_date": "2026-04-29T23:10:22.928422Z",
      "stabilities": [
        "unstable",
        "staging"
      ],
      "unfree": false,
      "version": "3.5.2",
      "outputs_to_install": [
        "man",
        "out",
        "out",
        "out",
        "out",
        "out",
        "out"
      ],
      "outputs": {
        "dev": "/nix/store/lg8kfrcxy4bcwnlwbfn6x3s48k4aawba-libffi-3.5.2-dev",
        "info": "/nix/store/w963j5bshyf892dxd0mqfl7w3f8l7280-libffi-3.5.2-info",
        "man": "/nix/store/hhxbnpw9fj3agv9lfwbdxa31ia8p8qv1-libffi-3.5.2-man",
        "out": "/nix/store/hyai3q7gvdfppw4ky7s2mvhxvfyp5bh7-libffi-3.5.2"
      },
      "system": "x86_64-linux",
      "group": "toplevel",
      "priority": 5
    },
    {
      "attr_path": "python313",
      "broken": false,
      "derivation": "/nix/store/4jsnzrzl379r6cjrr836lh6vi4p4kgv4-python3-3.13.12.drv",
      "description": "High-level dynamically-typed programming language",
      "install_id": "python313",
      "license": "Python-2.0",
      "locked_url": "https://github.com/flox/nixpkgs?rev=1c3fe55ad329cbcb28471bb30f05c9827f724c76",
      "name": "python3-3.13.12",
      "pname": "python313",
      "rev": "1c3fe55ad329cbcb28471bb30f05c9827f724c76",
      "rev_count": 987561,
      "rev_date": "2026-04-27T05:36:01Z",
      "scrape_date": "2026-04-29T19:53:08.520786Z",
      "stabilities": [
        "unstable",
        "staging"
      ],
      "unfree": false,
      "version": "python3-3.13.12",
      "outputs_to_install": [
        "out",
        "out"
      ],
      "outputs": {
        "out": "/nix/store/kwnbzccaiqi6iwdchcy6xc8br4x9hn0j-python3-3.13.12"
      },
      "system": "aarch64-darwin",
      "group": "toplevel",
      "priority": 5
    },
    {
      "attr_path": "python313",
      "broken": false,
      "derivation": "/nix/store/5a3k0w97564gz3qxf00dvrs6yn9v8dl6-python3-3.13.12.drv",
      "description": "High-level dynamically-typed programming language",
      "install_id": "python313",
      "license": "Python-2.0",
      "locked_url": "https://github.com/flox/nixpkgs?rev=1c3fe55ad329cbcb28471bb30f05c9827f724c76",
      "name": "python3-3.13.12",
      "pname": "python313",
      "rev": "1c3fe55ad329cbcb28471bb30f05c9827f724c76",
      "rev_count": 987561,
      "rev_date": "2026-04-27T05:36:01Z",
      "scrape_date": "2026-04-29T20:43:15.482492Z",
      "stabilities": [
        "unstable",
        "staging"
      ],
      "unfree": false,
      "version": "python3-3.13.12",
      "outputs_to_install": [
        "out",
        "out",
        "out",
        "out"
      ],
      "outputs": {
        "debug": "/nix/store/xyg8jfgpbyap2blwfmh3lhxy1vmhhbia-python3-3.13.12-debug",
        "out": "/nix/store/36mns0lq3c2zgky08rsq0xvamfzglzvj-python3-3.13.12"
      },
      "system": "aarch64-linux",
      "group": "toplevel",
      "priority": 5
    },
    {
      "attr_path": "python313",
      "broken": false,
      "derivation": "/nix/store/227zjffs3h685la0wmjp42z850j2f59w-python3-3.13.12.drv",
      "description": "High-level dynamically-typed programming language",
      "install_id": "python313",
      "license": "Python-2.0",
      "locked_url": "https://github.com/flox/nixpkgs?rev=1c3fe55ad329cbcb28471bb30f05c9827f724c76",
      "name": "python3-3.13.12",
      "pname": "python313",
      "rev": "1c3fe55ad329cbcb28471bb30f05c9827f724c76",
      "rev_count": 987561,
      "rev_date": "2026-04-27T05:36:01Z",
      "scrape_date": "2026-04-29T21:55:14.023142Z",
      "stabilities": [
        "unstable",
        "staging"
      ],
      "unfree": false,
      "version": "python3-3.13.12",
      "outputs_to_install": [
        "out",
        "out"
      ],
      "outputs": {
        "out": "/nix/store/mgd8qy2z9xj5y7lkrfw1zw2l6adanc1d-python3-3.13.12"
      },
      "system": "x86_64-darwin",
      "group": "toplevel",
      "priority": 5
    },
    {
      "attr_path": "python313",
      "broken": false,
      "derivation": "/nix/store/akf75nmhvs2x06g2qrag3vd321rpp02i-python3-3.13.12.drv",
      "description": "High-level dynamically-typed programming language",
      "install_id": "python313",
      "license": "Python-2.0",
      "locked_url": "https://github.com/flox/nixpkgs?rev=1c3fe55ad329cbcb28471bb30f05c9827f724c76",
      "name": "python3-3.13.12",
      "pname": "python313",
      "rev": "1c3fe55ad329cbcb28471bb30f05c9827f724c76",
      "rev_count": 987561,
      "rev_date": "2026-04-27T05:36:01Z",
      "scrape_date": "2026-04-29T23:11:00.256530Z",
      "stabilities": [
        "unstable",
        "staging"
      ],
      "unfree": false,
      "version": "python3-3.13.12",
      "outputs_to_install": [
        "out",
        "out",
        "out",
        "out",
        "out",
        "out"
      ],
      "outputs": {
        "debug": "/nix/store/4q5zc1g7w4x5c0p5cdv1nh61z8ddxqqq-python3-3.13.12-debug",
        "out": "/nix/store/0r6k8xa2kgqyp3r4v2w7yrb80ma2iawm-python3-3.13.12"
      },
      "system": "x86_64-linux",
      "group": "toplevel",
      "priority": 5
    },
    {
      "attr_path": "rustc",
      "broken": false,
      "derivation": "/nix/store/3msjq4z6a0qs0mxnd1xppwv1wphr4f5v-rustc-wrapper-1.94.1.drv",
      "description": "Safe, concurrent, practical language (wrapper script)",
      "install_id": "rustc",
      "license": "[ MIT, Apache-2.0 ]",
      "locked_url": "https://github.com/flox/nixpkgs?rev=1c3fe55ad329cbcb28471bb30f05c9827f724c76",
      "name": "rustc-wrapper-1.94.1",
      "pname": "rustc",
      "rev": "1c3fe55ad329cbcb28471bb30f05c9827f724c76",
      "rev_count": 987561,
      "rev_date": "2026-04-27T05:36:01Z",
      "scrape_date": "2026-04-29T19:54:01.177755Z",
      "stabilities": [
        "unstable",
        "staging"
      ],
      "unfree": false,
      "version": "1.94.1",
      "outputs_to_install": [
        "man",
        "out"
      ],
      "outputs": {
        "doc": "/nix/store/d0h4z9rx30ipgxb0r8pp2iy01fqmbvdn-rustc-wrapper-1.94.1-doc",
        "man": "/nix/store/gljrw9zcrgnbmwgdxpw75klxf26i81sa-rustc-wrapper-1.94.1-man",
        "out": "/nix/store/ldg6i5q2wwb0j4nnd1939cn7hdlsf8xl-rustc-wrapper-1.94.1"
      },
      "system": "aarch64-darwin",
      "group": "toplevel",
      "priority": 5
    },
    {
      "attr_path": "rustc",
      "broken": false,
      "derivation": "/nix/store/fvbwagcgcii8wyiqsnzcqwg7298504zm-rustc-wrapper-1.94.1.drv",
      "description": "Safe, concurrent, practical language (wrapper script)",
      "install_id": "rustc",
      "license": "[ MIT, Apache-2.0 ]",
      "locked_url": "https://github.com/flox/nixpkgs?rev=1c3fe55ad329cbcb28471bb30f05c9827f724c76",
      "name": "rustc-wrapper-1.94.1",
      "pname": "rustc",
      "rev": "1c3fe55ad329cbcb28471bb30f05c9827f724c76",
      "rev_count": 987561,
      "rev_date": "2026-04-27T05:36:01Z",
      "scrape_date": "2026-04-29T20:44:18.412023Z",
      "stabilities": [
        "unstable",
        "staging"
      ],
      "unfree": false,
      "version": "1.94.1",
      "outputs_to_install": [
        "man",
        "out"
      ],
      "outputs": {
        "doc": "/nix/store/impmc1i7ifkbd4wvlxcybi0jhrafwxgb-rustc-wrapper-1.94.1-doc",
        "man": "/nix/store/fvzjq79fryqp523s5dyqfwyfj2wi8afb-rustc-wrapper-1.94.1-man",
        "out": "/nix/store/ixn1awaxpvayfp5na0b2gr0kianim6g8-rustc-wrapper-1.94.1"
      },
      "system": "aarch64-linux",
      "group": "toplevel",
      "priority": 5
    },
    {
      "attr_path": "rustc",
      "broken": false,
      "derivation": "/nix/store/y0y11mhs509vyffn4adc2vbjlhrl7pn0-rustc-wrapper-1.94.1.drv",
      "description": "Safe, concurrent, practical language (wrapper script)",
      "install_id": "rustc",
      "license": "[ MIT, Apache-2.0 ]",
      "locked_url": "https://github.com/flox/nixpkgs?rev=1c3fe55ad329cbcb28471bb30f05c9827f724c76",
      "name": "rustc-wrapper-1.94.1",
      "pname": "rustc",
      "rev": "1c3fe55ad329cbcb28471bb30f05c9827f724c76",
      "rev_count": 987561,
      "rev_date": "2026-04-27T05:36:01Z",
      "scrape_date": "2026-04-29T21:56:06.209549Z",
      "stabilities": [
        "unstable",
        "staging"
      ],
      "unfree": false,
      "version": "1.94.1",
      "outputs_to_install": [
        "man",
        "out"
      ],
      "outputs": {
        "doc": "/nix/store/f2iqkj8xgpjqsh9idpywrg7bgh16jw2i-rustc-wrapper-1.94.1-doc",
        "man": "/nix/store/wzrjq7km3gicbw2ag873hd9yf8qk2rn8-rustc-wrapper-1.94.1-man",
        "out": "/nix/store/szlbg4mqziywqn196x89q6n7xqdbx7dz-rustc-wrapper-1.94.1"
      },
      "system": "x86_64-darwin",
      "group": "toplevel",
      "priority": 5
    },
    {
      "attr_path": "rustc",
      "broken": false,
      "derivation": "/nix/store/34lw9r8f40vpbldnjl63yvbfcijid75z-rustc-wrapper-1.94.1.drv",
      "description": "Safe, concurrent, practical language (wrapper script)",
      "install_id": "rustc",
      "license": "[ MIT, Apache-2.0 ]",
      "locked_url": "https://github.com/flox/nixpkgs?rev=1c3fe55ad329cbcb28471bb30f05c9827f724c76",
      "name": "rustc-wrapper-1.94.1",
      "pname": "rustc",
      "rev": "1c3fe55ad329cbcb28471bb30f05c9827f724c76",
      "rev_count": 987561,
      "rev_date": "2026-04-27T05:36:01Z",
      "scrape_date": "2026-04-29T23:12:07.199902Z",
      "stabilities": [
        "unstable",
        "staging"
      ],
      "unfree": false,
      "version": "1.94.1",
      "outputs_to_install": [
        "man",
        "out"
      ],
      "outputs": {
        "doc": "/nix/store/kbnirgis5p5wlqb3wk11vgxa0c966lck-rustc-wrapper-1.94.1-doc",
        "man": "/nix/store/h68fmikviqzaspyx3ccghx6cvr69cds3-rustc-wrapper-1.94.1-man",
        "out": "/nix/store/ph8jb0mw89p4lfshpp36z70l6r4kg3vh-rustc-wrapper-1.94.1"
      },
      "system": "x86_64-linux",
      "group": "toplevel",
      "priority": 5
    },
    {
      "attr_path": "rustfmt",
      "broken": false,
      "derivation": "/nix/store/yf6l5qa8dh4r7k9qw5pjykkhw0v50rrx-rustfmt-1.94.1.drv",
      "description": "Tool for formatting Rust code according to style guidelines",
      "install_id": "rustfmt",
      "license": "[ MIT, Apache-2.0 ]",
      "locked_url": "https://github.com/flox/nixpkgs?rev=1c3fe55ad329cbcb28471bb30f05c9827f724c76",
      "name": "rustfmt-1.94.1",
      "pname": "rustfmt",
      "rev": "1c3fe55ad329cbcb28471bb30f05c9827f724c76",
      "rev_count": 987561,
      "rev_date": "2026-04-27T05:36:01Z",
      "scrape_date": "2026-04-29T19:54:01.203321Z",
      "stabilities": [
        "unstable",
        "staging"
      ],
      "unfree": false,
      "version": "1.94.1",
      "outputs_to_install": [
        "out"
      ],
      "outputs": {
        "out": "/nix/store/371msib7kcxjsjhck6562pfa0q9nn8mw-rustfmt-1.94.1"
      },
      "system": "aarch64-darwin",
      "group": "toplevel",
      "priority": 5
    },
    {
      "attr_path": "rustfmt",
      "broken": false,
      "derivation": "/nix/store/1f1bfph1l9a0m5pn995ig3q7w3qwd2fk-rustfmt-1.94.1.drv",
      "description": "Tool for formatting Rust code according to style guidelines",
      "install_id": "rustfmt",
      "license": "[ MIT, Apache-2.0 ]",
      "locked_url": "https://github.com/flox/nixpkgs?rev=1c3fe55ad329cbcb28471bb30f05c9827f724c76",
      "name": "rustfmt-1.94.1",
      "pname": "rustfmt",
      "rev": "1c3fe55ad329cbcb28471bb30f05c9827f724c76",
      "rev_count": 987561,
      "rev_date": "2026-04-27T05:36:01Z",
      "scrape_date": "2026-04-29T20:44:18.442947Z",
      "stabilities": [
        "unstable",
        "staging"
      ],
      "unfree": false,
      "version": "1.94.1",
      "outputs_to_install": [
        "out"
      ],
      "outputs": {
        "out": "/nix/store/y466x0p4r8qjz5z4qpcjd16y8vmlzhl3-rustfmt-1.94.1"
      },
      "system": "aarch64-linux",
      "group": "toplevel",
      "priority": 5
    },
    {
      "attr_path": "rustfmt",
      "broken": false,
      "derivation": "/nix/store/jrs8w47rpisa1czwymgjrzah4nr6bp6n-rustfmt-1.94.1.drv",
      "description": "Tool for formatting Rust code according to style guidelines",
      "install_id": "rustfmt",
      "license": "[ MIT, Apache-2.0 ]",
      "locked_url": "https://github.com/flox/nixpkgs?rev=1c3fe55ad329cbcb28471bb30f05c9827f724c76",
      "name": "rustfmt-1.94.1",
      "pname": "rustfmt",
      "rev": "1c3fe55ad329cbcb28471bb30f05c9827f724c76",
      "rev_count": 987561,
      "rev_date": "2026-04-27T05:36:01Z",
      "scrape_date": "2026-04-29T21:56:06.233886Z",
      "stabilities": [
        "unstable",
        "staging"
      ],
      "unfree": false,
      "version": "1.94.1",
      "outputs_to_install": [
        "out"
      ],
      "outputs": {
        "out": "/nix/store/xz887wb672i5sb1p5yj8mjm1190np784-rustfmt-1.94.1"
      },
      "system": "x86_64-darwin",
      "group": "toplevel",
      "priority": 5
    },
    {
      "attr_path": "rustfmt",
      "broken": false,
      "derivation": "/nix/store/5xygardg1xh6kqd7rz89dy522n4bsisq-rustfmt-1.94.1.drv",
      "description": "Tool for formatting Rust code according to style guidelines",
      "install_id": "rustfmt",
      "license": "[ MIT, Apache-2.0 ]",
      "locked_url": "https://github.com/flox/nixpkgs?rev=1c3fe55ad329cbcb28471bb30f05c9827f724c76",
      "name": "rustfmt-1.94.1",
      "pname": "rustfmt",
      "rev": "1c3fe55ad329cbcb28471bb30f05c9827f724c76",
      "rev_count": 987561,
      "rev_date": "2026-04-27T05:36:01Z",
      "scrape_date": "2026-04-29T23:12:07.233444Z",
      "stabilities": [
        "unstable",
        "staging"
      ],
      "unfree": false,
      "version": "1.94.1",
      "outputs_to_install": [
        "out"
      ],
      "outputs": {
        "out": "/nix/store/rsshbz486a0ka567awpbkbawaqdr40pd-rustfmt-1.94.1"
      },
      "system": "x86_64-linux",
      "group": "toplevel",
      "priority": 5
    },
    {
      "attr_path": "uv",
      "broken": false,
      "derivation": "/nix/store/g0d0ls8i0y2380a9p05hagk748c37ld6-uv-0.11.7.drv",
      "description": "Extremely fast Python package installer and resolver, written in Rust",
      "install_id": "uv",
      "license": "[ Apache-2.0, MIT ]",
      "locked_url": "https://github.com/flox/nixpkgs?rev=1c3fe55ad329cbcb28471bb30f05c9827f724c76",
      "name": "uv-0.11.7",
      "pname": "uv",
      "rev": "1c3fe55ad329cbcb28471bb30f05c9827f724c76",
      "rev_count": 987561,
      "rev_date": "2026-04-27T05:36:01Z",
      "scrape_date": "2026-04-29T19:55:01.671756Z",
      "stabilities": [
        "unstable",
        "staging"
      ],
      "unfree": false,
      "version": "0.11.7",
      "outputs_to_install": [
        "out"
      ],
      "outputs": {
        "out": "/nix/store/ba35wynp96xhm8h6bkwf10mav42yn9s7-uv-0.11.7"
      },
      "system": "aarch64-darwin",
      "group": "toplevel",
      "priority": 5
    },
    {
      "attr_path": "uv",
      "broken": false,
      "derivation": "/nix/store/csh8yk3flrfnybp4zll6nbvy6ln07s6r-uv-0.11.7.drv",
      "description": "Extremely fast Python package installer and resolver, written in Rust",
      "install_id": "uv",
      "license": "[ Apache-2.0, MIT ]",
      "locked_url": "https://github.com/flox/nixpkgs?rev=1c3fe55ad329cbcb28471bb30f05c9827f724c76",
      "name": "uv-0.11.7",
      "pname": "uv",
      "rev": "1c3fe55ad329cbcb28471bb30f05c9827f724c76",
      "rev_count": 987561,
      "rev_date": "2026-04-27T05:36:01Z",
      "scrape_date": "2026-04-29T20:45:33.082174Z",
      "stabilities": [
        "unstable",
        "staging"
      ],
      "unfree": false,
      "version": "0.11.7",
      "outputs_to_install": [
        "out"
      ],
      "outputs": {
        "out": "/nix/store/43w87y2p90j3m8fp1h16m79sij73bzj0-uv-0.11.7"
      },
      "system": "aarch64-linux",
      "group": "toplevel",
      "priority": 5
    },
    {
      "attr_path": "uv",
      "broken": false,
      "derivation": "/nix/store/q6viwscnr8r25w23n571z23q3gz8sk0j-uv-0.11.7.drv",
      "description": "Extremely fast Python package installer and resolver, written in Rust",
      "install_id": "uv",
      "license": "[ Apache-2.0, MIT ]",
      "locked_url": "https://github.com/flox/nixpkgs?rev=1c3fe55ad329cbcb28471bb30f05c9827f724c76",
      "name": "uv-0.11.7",
      "pname": "uv",
      "rev": "1c3fe55ad329cbcb28471bb30f05c9827f724c76",
      "rev_count": 987561,
      "rev_date": "2026-04-27T05:36:01Z",
      "scrape_date": "2026-04-29T21:57:06.024810Z",
      "stabilities": [
        "unstable",
        "staging"
      ],
      "unfree": false,
      "version": "0.11.7",
      "outputs_to_install": [
        "out"
      ],
      "outputs": {
        "out": "/nix/store/9mbm06fnyc9q0jjg1fqv8q255w3qnq49-uv-0.11.7"
      },
      "system": "x86_64-darwin",
      "group": "toplevel",
      "priority": 5
    },
    {
      "attr_path": "uv",
      "broken": false,
      "derivation": "/nix/store/qgb8xxh0nrikdxs22rfcmkps4hv2b1sn-uv-0.11.7.drv",
      "description": "Extremely fast Python package installer and resolver, written in Rust",
      "install_id": "uv",
      "license": "[ Apache-2.0, MIT ]",
      "locked_url": "https://github.com/flox/nixpkgs?rev=1c3fe55ad329cbcb28471bb30f05c9827f724c76",
      "name": "uv-0.11.7",
      "pname": "uv",
      "rev": "1c3fe55ad329cbcb28471bb30f05c9827f724c76",
      "rev_count": 987561,
      "rev_date": "2026-04-27T05:36:01Z",
      "scrape_date": "2026-04-29T23:13:25.696326Z",
      "stabilities": [
        "unstable",
        "staging"
      ],
      "unfree": false,
      "version": "0.11.7",
      "outputs_to_install": [
        "out"
      ],
      "outputs": {
        "out": "/nix/store/lsbfn3gaayr024717v68491pm3mbmm6g-uv-0.11.7"
      },
      "system": "x86_64-linux",
      "group": "toplevel",
      "priority": 5
    }
  ]
}
